// !$*UTF8*$!
{
	archiveVersion = 1;
	classes = {
	};
	objectVersion = 56;
	objects = {

/* Begin PBXBuildFile section */
		DF10C7B32D343A3E006035E8 /* AppDelegate.swift in Sources */ = {isa = PBXBuildFile; fileRef = DF10C7B22D343A3E006035E8 /* AppDelegate.swift */; };
		DF10C7B52D343A3E006035E8 /* SceneDelegate.swift in Sources */ = {isa = PBXBuildFile; fileRef = DF10C7B42D343A3E006035E8 /* SceneDelegate.swift */; };
		DF10C7B72D343A3E006035E8 /* ChannelListViewController.swift in Sources */ = {isa = PBXBuildFile; fileRef = DF10C7B62D343A3E006035E8 /* ChannelListViewController.swift */; };
		DF10C7BC2D343A3F006035E8 /* Assets.xcassets in Resources */ = {isa = PBXBuildFile; fileRef = DF10C7BB2D343A3F006035E8 /* Assets.xcassets */; };
		DF10C7BF2D343A3F006035E8 /* LaunchScreen.storyboard in Resources */ = {isa = PBXBuildFile; fileRef = DF10C7BD2D343A3F006035E8 /* LaunchScreen.storyboard */; };
		DF674A132D34F61A00B61966 /* SendMessageUseCase.swift in Sources */ = {isa = PBXBuildFile; fileRef = DF674A122D34F61A00B61966 /* SendMessageUseCase.swift */; };
		DF674A152D3561C200B61966 /* UserMessageEntity.swift in Sources */ = {isa = PBXBuildFile; fileRef = DF674A142D3561C200B61966 /* UserMessageEntity.swift */; };
		DF674A182D35622200B61966 /* NewUserMessage.swift in Sources */ = {isa = PBXBuildFile; fileRef = DF674A172D35622200B61966 /* NewUserMessage.swift */; };
		DF674A1B2D35626F00B61966 /* MessagesRepository.swift in Sources */ = {isa = PBXBuildFile; fileRef = DF674A1A2D35626F00B61966 /* MessagesRepository.swift */; };
		DF674A1E2D356A5B00B61966 /* DefaultSendMessageUseCase.swift in Sources */ = {isa = PBXBuildFile; fileRef = DF674A1D2D356A5B00B61966 /* DefaultSendMessageUseCase.swift */; };
		DF674A212D3571BE00B61966 /* FetchChannelsUseCase.swift in Sources */ = {isa = PBXBuildFile; fileRef = DF674A202D3571BE00B61966 /* FetchChannelsUseCase.swift */; };
		DF674A232D3582C100B61966 /* ChannelEntity.swift in Sources */ = {isa = PBXBuildFile; fileRef = DF674A222D3582C100B61966 /* ChannelEntity.swift */; };
		DF674A252D3624CC00B61966 /* ChannelRepository.swift in Sources */ = {isa = PBXBuildFile; fileRef = DF674A242D3624CC00B61966 /* ChannelRepository.swift */; };
		DF674A272D3656E700B61966 /* DefaultFetchChannelsUseCase.swift in Sources */ = {isa = PBXBuildFile; fileRef = DF674A262D3656E700B61966 /* DefaultFetchChannelsUseCase.swift */; };
		DF674A292D365D3200B61966 /* ChannelPresentationModel.swift in Sources */ = {isa = PBXBuildFile; fileRef = DF674A282D365D3200B61966 /* ChannelPresentationModel.swift */; };
		DF674A2B2D365D7300B61966 /* ChannelListViewModel.swift in Sources */ = {isa = PBXBuildFile; fileRef = DF674A2A2D365D7300B61966 /* ChannelListViewModel.swift */; };
		DF674A3C2D36A4DB00B61966 /* SupaBasePlatform.swift in Sources */ = {isa = PBXBuildFile; fileRef = DF674A3B2D36A4DB00B61966 /* SupaBasePlatform.swift */; };
		DF674A3F2D36B3B200B61966 /* DefaultChannelRepository.swift in Sources */ = {isa = PBXBuildFile; fileRef = DF674A3E2D36B3B200B61966 /* DefaultChannelRepository.swift */; };
		DF674A5E2D36C38E00B61966 /* Auth in Frameworks */ = {isa = PBXBuildFile; productRef = DF674A5D2D36C38E00B61966 /* Auth */; };
		DF674A602D36C38E00B61966 /* Functions in Frameworks */ = {isa = PBXBuildFile; productRef = DF674A5F2D36C38E00B61966 /* Functions */; };
		DF674A622D36C38E00B61966 /* PostgREST in Frameworks */ = {isa = PBXBuildFile; productRef = DF674A612D36C38E00B61966 /* PostgREST */; };
		DF674A642D36C38E00B61966 /* Realtime in Frameworks */ = {isa = PBXBuildFile; productRef = DF674A632D36C38E00B61966 /* Realtime */; };
		DF674A662D36C38E00B61966 /* Storage in Frameworks */ = {isa = PBXBuildFile; productRef = DF674A652D36C38E00B61966 /* Storage */; };
		DFAE5D092D36D5A100999787 /* Supabase in Frameworks */ = {isa = PBXBuildFile; productRef = DFAE5D082D36D5A100999787 /* Supabase */; };
		DFAE5D0C2D36EB3800999787 /* ChannelResponse.swift in Sources */ = {isa = PBXBuildFile; fileRef = DFAE5D0B2D36EB3800999787 /* ChannelResponse.swift */; };
		DFAE5D0E2D37A8C300999787 /* NewChannel.swift in Sources */ = {isa = PBXBuildFile; fileRef = DFAE5D0D2D37A8C300999787 /* NewChannel.swift */; };
		DFAE5D102D37A91B00999787 /* CreateNewChannelUseCase.swift in Sources */ = {isa = PBXBuildFile; fileRef = DFAE5D0F2D37A91B00999787 /* CreateNewChannelUseCase.swift */; };
		DFAE5D122D37BE1700999787 /* NewChannelRequest.swift in Sources */ = {isa = PBXBuildFile; fileRef = DFAE5D112D37BE1700999787 /* NewChannelRequest.swift */; };
		DFAE5D152D37BEB100999787 /* DefaultCreateNewChannelUseCase.swift in Sources */ = {isa = PBXBuildFile; fileRef = DFAE5D142D37BEB100999787 /* DefaultCreateNewChannelUseCase.swift */; };
/* End PBXBuildFile section */

/* Begin PBXFileReference section */
		DF10C7AF2D343A3E006035E8 /* Chait.app */ = {isa = PBXFileReference; explicitFileType = wrapper.application; includeInIndex = 0; path = Chait.app; sourceTree = BUILT_PRODUCTS_DIR; };
		DF10C7B22D343A3E006035E8 /* AppDelegate.swift */ = {isa = PBXFileReference; lastKnownFileType = sourcecode.swift; path = AppDelegate.swift; sourceTree = "<group>"; };
		DF10C7B42D343A3E006035E8 /* SceneDelegate.swift */ = {isa = PBXFileReference; lastKnownFileType = sourcecode.swift; path = SceneDelegate.swift; sourceTree = "<group>"; };
		DF10C7B62D343A3E006035E8 /* ChannelListViewController.swift */ = {isa = PBXFileReference; lastKnownFileType = sourcecode.swift; path = ChannelListViewController.swift; sourceTree = "<group>"; };
		DF10C7BB2D343A3F006035E8 /* Assets.xcassets */ = {isa = PBXFileReference; lastKnownFileType = folder.assetcatalog; path = Assets.xcassets; sourceTree = "<group>"; };
		DF10C7BE2D343A3F006035E8 /* Base */ = {isa = PBXFileReference; lastKnownFileType = file.storyboard; name = Base; path = Base.lproj/LaunchScreen.storyboard; sourceTree = "<group>"; };
		DF10C7C02D343A3F006035E8 /* Info.plist */ = {isa = PBXFileReference; lastKnownFileType = text.plist.xml; path = Info.plist; sourceTree = "<group>"; };
		DF674A122D34F61A00B61966 /* SendMessageUseCase.swift */ = {isa = PBXFileReference; lastKnownFileType = sourcecode.swift; path = SendMessageUseCase.swift; sourceTree = "<group>"; };
		DF674A142D3561C200B61966 /* UserMessageEntity.swift */ = {isa = PBXFileReference; lastKnownFileType = sourcecode.swift; path = UserMessageEntity.swift; sourceTree = "<group>"; };
		DF674A172D35622200B61966 /* NewUserMessage.swift */ = {isa = PBXFileReference; lastKnownFileType = sourcecode.swift; path = NewUserMessage.swift; sourceTree = "<group>"; };
		DF674A1A2D35626F00B61966 /* MessagesRepository.swift */ = {isa = PBXFileReference; lastKnownFileType = sourcecode.swift; path = MessagesRepository.swift; sourceTree = "<group>"; };
		DF674A1D2D356A5B00B61966 /* DefaultSendMessageUseCase.swift */ = {isa = PBXFileReference; lastKnownFileType = sourcecode.swift; path = DefaultSendMessageUseCase.swift; sourceTree = "<group>"; };
		DF674A202D3571BE00B61966 /* FetchChannelsUseCase.swift */ = {isa = PBXFileReference; lastKnownFileType = sourcecode.swift; path = FetchChannelsUseCase.swift; sourceTree = "<group>"; };
		DF674A222D3582C100B61966 /* ChannelEntity.swift */ = {isa = PBXFileReference; lastKnownFileType = sourcecode.swift; path = ChannelEntity.swift; sourceTree = "<group>"; };
		DF674A242D3624CC00B61966 /* ChannelRepository.swift */ = {isa = PBXFileReference; lastKnownFileType = sourcecode.swift; path = ChannelRepository.swift; sourceTree = "<group>"; };
		DF674A262D3656E700B61966 /* DefaultFetchChannelsUseCase.swift */ = {isa = PBXFileReference; lastKnownFileType = sourcecode.swift; path = DefaultFetchChannelsUseCase.swift; sourceTree = "<group>"; };
		DF674A282D365D3200B61966 /* ChannelPresentationModel.swift */ = {isa = PBXFileReference; lastKnownFileType = sourcecode.swift; path = ChannelPresentationModel.swift; sourceTree = "<group>"; };
		DF674A2A2D365D7300B61966 /* ChannelListViewModel.swift */ = {isa = PBXFileReference; lastKnownFileType = sourcecode.swift; path = ChannelListViewModel.swift; sourceTree = "<group>"; };
		DF674A3B2D36A4DB00B61966 /* SupaBasePlatform.swift */ = {isa = PBXFileReference; lastKnownFileType = sourcecode.swift; path = SupaBasePlatform.swift; sourceTree = "<group>"; };
		DF674A3D2D36A5E800B61966 /* ApplicationSettings.xcconfig */ = {isa = PBXFileReference; lastKnownFileType = text.xcconfig; path = ApplicationSettings.xcconfig; sourceTree = "<group>"; };
		DF674A3E2D36B3B200B61966 /* DefaultChannelRepository.swift */ = {isa = PBXFileReference; lastKnownFileType = sourcecode.swift; path = DefaultChannelRepository.swift; sourceTree = "<group>"; };
		DFAE5D0B2D36EB3800999787 /* ChannelResponse.swift */ = {isa = PBXFileReference; lastKnownFileType = sourcecode.swift; path = ChannelResponse.swift; sourceTree = "<group>"; };
		DFAE5D0D2D37A8C300999787 /* NewChannel.swift */ = {isa = PBXFileReference; lastKnownFileType = sourcecode.swift; path = NewChannel.swift; sourceTree = "<group>"; };
		DFAE5D0F2D37A91B00999787 /* CreateNewChannelUseCase.swift */ = {isa = PBXFileReference; lastKnownFileType = sourcecode.swift; path = CreateNewChannelUseCase.swift; sourceTree = "<group>"; };
		DFAE5D112D37BE1700999787 /* NewChannelRequest.swift */ = {isa = PBXFileReference; lastKnownFileType = sourcecode.swift; path = NewChannelRequest.swift; sourceTree = "<group>"; };
		DFAE5D142D37BEB100999787 /* DefaultCreateNewChannelUseCase.swift */ = {isa = PBXFileReference; lastKnownFileType = sourcecode.swift; path = DefaultCreateNewChannelUseCase.swift; sourceTree = "<group>"; };
/* End PBXFileReference section */

/* Begin PBXFrameworksBuildPhase section */
		DF10C7AC2D343A3E006035E8 /* Frameworks */ = {
			isa = PBXFrameworksBuildPhase;
			buildActionMask = 2147483647;
			files = (
				DF674A622D36C38E00B61966 /* PostgREST in Frameworks */,
				DF674A602D36C38E00B61966 /* Functions in Frameworks */,
				DFAE5D092D36D5A100999787 /* Supabase in Frameworks */,
				DF674A5E2D36C38E00B61966 /* Auth in Frameworks */,
				DF674A662D36C38E00B61966 /* Storage in Frameworks */,
				DF674A642D36C38E00B61966 /* Realtime in Frameworks */,
			);
			runOnlyForDeploymentPostprocessing = 0;
		};
/* End PBXFrameworksBuildPhase section */

/* Begin PBXGroup section */
		DF10C7A62D343A3E006035E8 = {
			isa = PBXGroup;
			children = (
				DF10C7B12D343A3E006035E8 /* Chait */,
				DF10C7B02D343A3E006035E8 /* Products */,
				DF674A402D36BFAC00B61966 /* Frameworks */,
			);
			sourceTree = "<group>";
		};
		DF10C7B02D343A3E006035E8 /* Products */ = {
			isa = PBXGroup;
			children = (
				DF10C7AF2D343A3E006035E8 /* Chait.app */,
			);
			name = Products;
			sourceTree = "<group>";
		};
		DF10C7B12D343A3E006035E8 /* Chait */ = {
			isa = PBXGroup;
			children = (
				DF674A0E2D34EFA400B61966 /* AppEntry */,
				DF674A0F2D34EFAE00B61966 /* Scene */,
				DF674A112D34F5FA00B61966 /* Domain */,
				DF674A3A2D36A42300B61966 /* Data */,
				DF674A102D34EFB300B61966 /* AppResources */,
			);
			path = Chait;
			sourceTree = "<group>";
		};
		DF674A0E2D34EFA400B61966 /* AppEntry */ = {
			isa = PBXGroup;
			children = (
				DF10C7B22D343A3E006035E8 /* AppDelegate.swift */,
				DF10C7B42D343A3E006035E8 /* SceneDelegate.swift */,
			);
			path = AppEntry;
			sourceTree = "<group>";
		};
		DF674A0F2D34EFAE00B61966 /* Scene */ = {
			isa = PBXGroup;
			children = (
				DF674A2C2D367BA400B61966 /* ChannelList */,
			);
			path = Scene;
			sourceTree = "<group>";
		};
		DF674A102D34EFB300B61966 /* AppResources */ = {
			isa = PBXGroup;
			children = (
				DF10C7BB2D343A3F006035E8 /* Assets.xcassets */,
				DF10C7BD2D343A3F006035E8 /* LaunchScreen.storyboard */,
				DF10C7C02D343A3F006035E8 /* Info.plist */,
				DF674A3D2D36A5E800B61966 /* ApplicationSettings.xcconfig */,
			);
			path = AppResources;
			sourceTree = "<group>";
		};
		DF674A112D34F5FA00B61966 /* Domain */ = {
			isa = PBXGroup;
			children = (
				DF674A162D35620400B61966 /* Entity */,
				DF674A1C2D35689B00B61966 /* UseCase */,
				DF674A192D35624A00B61966 /* Repository */,
			);
			path = Domain;
			sourceTree = "<group>";
		};
		DF674A162D35620400B61966 /* Entity */ = {
			isa = PBXGroup;
			children = (
				DF674A142D3561C200B61966 /* UserMessageEntity.swift */,
				DF674A222D3582C100B61966 /* ChannelEntity.swift */,
			);
			path = Entity;
			sourceTree = "<group>";
		};
		DF674A192D35624A00B61966 /* Repository */ = {
			isa = PBXGroup;
			children = (
				DF674A1A2D35626F00B61966 /* MessagesRepository.swift */,
				DF674A242D3624CC00B61966 /* ChannelRepository.swift */,
			);
			path = Repository;
			sourceTree = "<group>";
		};
		DF674A1C2D35689B00B61966 /* UseCase */ = {
			isa = PBXGroup;
			children = (
				DF674A1F2D356CE900B61966 /* Commands */,
				DF674A122D34F61A00B61966 /* SendMessageUseCase.swift */,
				DF674A202D3571BE00B61966 /* FetchChannelsUseCase.swift */,
				DF674A1D2D356A5B00B61966 /* DefaultSendMessageUseCase.swift */,
				DF674A262D3656E700B61966 /* DefaultFetchChannelsUseCase.swift */,
				DFAE5D0F2D37A91B00999787 /* CreateNewChannelUseCase.swift */,
				DFAE5D142D37BEB100999787 /* DefaultCreateNewChannelUseCase.swift */,
			);
			path = UseCase;
			sourceTree = "<group>";
		};
		DF674A1F2D356CE900B61966 /* Commands */ = {
			isa = PBXGroup;
			children = (
				DF674A172D35622200B61966 /* NewUserMessage.swift */,
				DFAE5D0D2D37A8C300999787 /* NewChannel.swift */,
			);
			path = Commands;
			sourceTree = "<group>";
		};
		DF674A2C2D367BA400B61966 /* ChannelList */ = {
			isa = PBXGroup;
			children = (
				DF10C7B62D343A3E006035E8 /* ChannelListViewController.swift */,
				DF674A282D365D3200B61966 /* ChannelPresentationModel.swift */,
				DF674A2A2D365D7300B61966 /* ChannelListViewModel.swift */,
			);
			path = ChannelList;
			sourceTree = "<group>";
		};
		DF674A3A2D36A42300B61966 /* Data */ = {
			isa = PBXGroup;
			children = (
				DFAE5D132D37BE2300999787 /* Requests */,
				DFAE5D0A2D36EB2400999787 /* Responses */,
				DF674A3E2D36B3B200B61966 /* DefaultChannelRepository.swift */,
				DF674A3B2D36A4DB00B61966 /* SupaBasePlatform.swift */,
			);
			path = Data;
			sourceTree = "<group>";
		};
		DF674A402D36BFAC00B61966 /* Frameworks */ = {
			isa = PBXGroup;
			children = (
			);
			name = Frameworks;
			sourceTree = "<group>";
		};
		DFAE5D0A2D36EB2400999787 /* Responses */ = {
			isa = PBXGroup;
			children = (
				DFAE5D0B2D36EB3800999787 /* ChannelResponse.swift */,
			);
			path = Responses;
			sourceTree = "<group>";
		};
		DFAE5D132D37BE2300999787 /* Requests */ = {
			isa = PBXGroup;
			children = (
				DFAE5D112D37BE1700999787 /* NewChannelRequest.swift */,
			);
			path = Requests;
			sourceTree = "<group>";
		};
/* End PBXGroup section */

/* Begin PBXNativeTarget section */
		DF10C7AE2D343A3E006035E8 /* Chait */ = {
			isa = PBXNativeTarget;
			buildConfigurationList = DF10C7C32D343A3F006035E8 /* Build configuration list for PBXNativeTarget "Chait" */;
			buildPhases = (
				DF10C7AB2D343A3E006035E8 /* Sources */,
				DF10C7AC2D343A3E006035E8 /* Frameworks */,
				DF10C7AD2D343A3E006035E8 /* Resources */,
			);
			buildRules = (
			);
			dependencies = (
			);
			name = Chait;
			packageProductDependencies = (
				DF674A5D2D36C38E00B61966 /* Auth */,
				DF674A5F2D36C38E00B61966 /* Functions */,
				DF674A612D36C38E00B61966 /* PostgREST */,
				DF674A632D36C38E00B61966 /* Realtime */,
				DF674A652D36C38E00B61966 /* Storage */,
				DFAE5D082D36D5A100999787 /* Supabase */,
			);
			productName = Chait;
			productReference = DF10C7AF2D343A3E006035E8 /* Chait.app */;
			productType = "com.apple.product-type.application";
		};
/* End PBXNativeTarget section */

/* Begin PBXProject section */
		DF10C7A72D343A3E006035E8 /* Project object */ = {
			isa = PBXProject;
			attributes = {
				BuildIndependentTargetsInParallel = 1;
				LastSwiftUpdateCheck = 1500;
				LastUpgradeCheck = 1500;
				TargetAttributes = {
					DF10C7AE2D343A3E006035E8 = {
						CreatedOnToolsVersion = 15.0;
					};
				};
			};
			buildConfigurationList = DF10C7AA2D343A3E006035E8 /* Build configuration list for PBXProject "Chait" */;
			compatibilityVersion = "Xcode 14.0";
			developmentRegion = en;
			hasScannedForEncodings = 0;
			knownRegions = (
				en,
				Base,
			);
			mainGroup = DF10C7A62D343A3E006035E8;
			packageReferences = (
				DF674A5C2D36C38E00B61966 /* XCRemoteSwiftPackageReference "supabase-swift" */,
			);
			productRefGroup = DF10C7B02D343A3E006035E8 /* Products */;
			projectDirPath = "";
			projectRoot = "";
			targets = (
				DF10C7AE2D343A3E006035E8 /* Chait */,
			);
		};
/* End PBXProject section */

/* Begin PBXResourcesBuildPhase section */
		DF10C7AD2D343A3E006035E8 /* Resources */ = {
			isa = PBXResourcesBuildPhase;
			buildActionMask = 2147483647;
			files = (
				DF10C7BF2D343A3F006035E8 /* LaunchScreen.storyboard in Resources */,
				DF10C7BC2D343A3F006035E8 /* Assets.xcassets in Resources */,
			);
			runOnlyForDeploymentPostprocessing = 0;
		};
/* End PBXResourcesBuildPhase section */

/* Begin PBXSourcesBuildPhase section */
		DF10C7AB2D343A3E006035E8 /* Sources */ = {
			isa = PBXSourcesBuildPhase;
			buildActionMask = 2147483647;
			files = (
				DF10C7B72D343A3E006035E8 /* ChannelListViewController.swift in Sources */,
				DF674A252D3624CC00B61966 /* ChannelRepository.swift in Sources */,
				DF674A292D365D3200B61966 /* ChannelPresentationModel.swift in Sources */,
				DF674A1E2D356A5B00B61966 /* DefaultSendMessageUseCase.swift in Sources */,
				DF674A182D35622200B61966 /* NewUserMessage.swift in Sources */,
				DFAE5D152D37BEB100999787 /* DefaultCreateNewChannelUseCase.swift in Sources */,
				DF674A212D3571BE00B61966 /* FetchChannelsUseCase.swift in Sources */,
				DFAE5D0E2D37A8C300999787 /* NewChannel.swift in Sources */,
				DF674A3C2D36A4DB00B61966 /* SupaBasePlatform.swift in Sources */,
				DF674A3F2D36B3B200B61966 /* DefaultChannelRepository.swift in Sources */,
				DF674A2B2D365D7300B61966 /* ChannelListViewModel.swift in Sources */,
				DF674A232D3582C100B61966 /* ChannelEntity.swift in Sources */,
				DF674A152D3561C200B61966 /* UserMessageEntity.swift in Sources */,
				DF10C7B32D343A3E006035E8 /* AppDelegate.swift in Sources */,
				DFAE5D0C2D36EB3800999787 /* ChannelResponse.swift in Sources */,
				DF674A272D3656E700B61966 /* DefaultFetchChannelsUseCase.swift in Sources */,
				DF10C7B52D343A3E006035E8 /* SceneDelegate.swift in Sources */,
				DF674A1B2D35626F00B61966 /* MessagesRepository.swift in Sources */,
				DFAE5D102D37A91B00999787 /* CreateNewChannelUseCase.swift in Sources */,
				DFAE5D122D37BE1700999787 /* NewChannelRequest.swift in Sources */,
				DF674A132D34F61A00B61966 /* SendMessageUseCase.swift in Sources */,
			);
			runOnlyForDeploymentPostprocessing = 0;
		};
/* End PBXSourcesBuildPhase section */

/* Begin PBXVariantGroup section */
		DF10C7BD2D343A3F006035E8 /* LaunchScreen.storyboard */ = {
			isa = PBXVariantGroup;
			children = (
				DF10C7BE2D343A3F006035E8 /* Base */,
			);
			name = LaunchScreen.storyboard;
			sourceTree = "<group>";
		};
/* End PBXVariantGroup section */

/* Begin XCBuildConfiguration section */
		DF10C7C12D343A3F006035E8 /* Debug */ = {
			isa = XCBuildConfiguration;
			baseConfigurationReference = DF674A3D2D36A5E800B61966 /* ApplicationSettings.xcconfig */;
			buildSettings = {
				ALWAYS_SEARCH_USER_PATHS = NO;
				ASSETCATALOG_COMPILER_GENERATE_SWIFT_ASSET_SYMBOL_EXTENSIONS = YES;
				CLANG_ANALYZER_NONNULL = YES;
				CLANG_ANALYZER_NUMBER_OBJECT_CONVERSION = YES_AGGRESSIVE;
				CLANG_CXX_LANGUAGE_STANDARD = "gnu++20";
				CLANG_ENABLE_MODULES = YES;
				CLANG_ENABLE_OBJC_ARC = YES;
				CLANG_ENABLE_OBJC_WEAK = YES;
				CLANG_WARN_BLOCK_CAPTURE_AUTORELEASING = YES;
				CLANG_WARN_BOOL_CONVERSION = YES;
				CLANG_WARN_COMMA = YES;
				CLANG_WARN_CONSTANT_CONVERSION = YES;
				CLANG_WARN_DEPRECATED_OBJC_IMPLEMENTATIONS = YES;
				CLANG_WARN_DIRECT_OBJC_ISA_USAGE = YES_ERROR;
				CLANG_WARN_DOCUMENTATION_COMMENTS = YES;
				CLANG_WARN_EMPTY_BODY = YES;
				CLANG_WARN_ENUM_CONVERSION = YES;
				CLANG_WARN_INFINITE_RECURSION = YES;
				CLANG_WARN_INT_CONVERSION = YES;
				CLANG_WARN_NON_LITERAL_NULL_CONVERSION = YES;
				CLANG_WARN_OBJC_IMPLICIT_RETAIN_SELF = YES;
				CLANG_WARN_OBJC_LITERAL_CONVERSION = YES;
				CLANG_WARN_OBJC_ROOT_CLASS = YES_ERROR;
				CLANG_WARN_QUOTED_INCLUDE_IN_FRAMEWORK_HEADER = YES;
				CLANG_WARN_RANGE_LOOP_ANALYSIS = YES;
				CLANG_WARN_STRICT_PROTOTYPES = YES;
				CLANG_WARN_SUSPICIOUS_MOVE = YES;
				CLANG_WARN_UNGUARDED_AVAILABILITY = YES_AGGRESSIVE;
				CLANG_WARN_UNREACHABLE_CODE = YES;
				CLANG_WARN__DUPLICATE_METHOD_MATCH = YES;
				COPY_PHASE_STRIP = NO;
				DEBUG_INFORMATION_FORMAT = dwarf;
				ENABLE_STRICT_OBJC_MSGSEND = YES;
				ENABLE_TESTABILITY = YES;
				ENABLE_USER_SCRIPT_SANDBOXING = YES;
				GCC_C_LANGUAGE_STANDARD = gnu17;
				GCC_DYNAMIC_NO_PIC = NO;
				GCC_NO_COMMON_BLOCKS = YES;
				GCC_OPTIMIZATION_LEVEL = 0;
				GCC_PREPROCESSOR_DEFINITIONS = (
					"DEBUG=1",
					"$(inherited)",
				);
				GCC_WARN_64_TO_32_BIT_CONVERSION = YES;
				GCC_WARN_ABOUT_RETURN_TYPE = YES_ERROR;
				GCC_WARN_UNDECLARED_SELECTOR = YES;
				GCC_WARN_UNINITIALIZED_AUTOS = YES_AGGRESSIVE;
				GCC_WARN_UNUSED_FUNCTION = YES;
				GCC_WARN_UNUSED_VARIABLE = YES;
				IPHONEOS_DEPLOYMENT_TARGET = 16.0;
				LOCALIZATION_PREFERS_STRING_CATALOGS = YES;
				MTL_ENABLE_DEBUG_INFO = INCLUDE_SOURCE;
				MTL_FAST_MATH = YES;
				ONLY_ACTIVE_ARCH = YES;
				SDKROOT = iphoneos;
				SWIFT_ACTIVE_COMPILATION_CONDITIONS = "DEBUG $(inherited)";
				SWIFT_OPTIMIZATION_LEVEL = "-Onone";
			};
			name = Debug;
		};
		DF10C7C22D343A3F006035E8 /* Release */ = {
			isa = XCBuildConfiguration;
			baseConfigurationReference = DF674A3D2D36A5E800B61966 /* ApplicationSettings.xcconfig */;
			buildSettings = {
				ALWAYS_SEARCH_USER_PATHS = NO;
				ASSETCATALOG_COMPILER_GENERATE_SWIFT_ASSET_SYMBOL_EXTENSIONS = YES;
				CLANG_ANALYZER_NONNULL = YES;
				CLANG_ANALYZER_NUMBER_OBJECT_CONVERSION = YES_AGGRESSIVE;
				CLANG_CXX_LANGUAGE_STANDARD = "gnu++20";
				CLANG_ENABLE_MODULES = YES;
				CLANG_ENABLE_OBJC_ARC = YES;
				CLANG_ENABLE_OBJC_WEAK = YES;
				CLANG_WARN_BLOCK_CAPTURE_AUTORELEASING = YES;
				CLANG_WARN_BOOL_CONVERSION = YES;
				CLANG_WARN_COMMA = YES;
				CLANG_WARN_CONSTANT_CONVERSION = YES;
				CLANG_WARN_DEPRECATED_OBJC_IMPLEMENTATIONS = YES;
				CLANG_WARN_DIRECT_OBJC_ISA_USAGE = YES_ERROR;
				CLANG_WARN_DOCUMENTATION_COMMENTS = YES;
				CLANG_WARN_EMPTY_BODY = YES;
				CLANG_WARN_ENUM_CONVERSION = YES;
				CLANG_WARN_INFINITE_RECURSION = YES;
				CLANG_WARN_INT_CONVERSION = YES;
				CLANG_WARN_NON_LITERAL_NULL_CONVERSION = YES;
				CLANG_WARN_OBJC_IMPLICIT_RETAIN_SELF = YES;
				CLANG_WARN_OBJC_LITERAL_CONVERSION = YES;
				CLANG_WARN_OBJC_ROOT_CLASS = YES_ERROR;
				CLANG_WARN_QUOTED_INCLUDE_IN_FRAMEWORK_HEADER = YES;
				CLANG_WARN_RANGE_LOOP_ANALYSIS = YES;
				CLANG_WARN_STRICT_PROTOTYPES = YES;
				CLANG_WARN_SUSPICIOUS_MOVE = YES;
				CLANG_WARN_UNGUARDED_AVAILABILITY = YES_AGGRESSIVE;
				CLANG_WARN_UNREACHABLE_CODE = YES;
				CLANG_WARN__DUPLICATE_METHOD_MATCH = YES;
				COPY_PHASE_STRIP = NO;
				DEBUG_INFORMATION_FORMAT = "dwarf-with-dsym";
				ENABLE_NS_ASSERTIONS = NO;
				ENABLE_STRICT_OBJC_MSGSEND = YES;
				ENABLE_USER_SCRIPT_SANDBOXING = YES;
				GCC_C_LANGUAGE_STANDARD = gnu17;
				GCC_NO_COMMON_BLOCKS = YES;
				GCC_WARN_64_TO_32_BIT_CONVERSION = YES;
				GCC_WARN_ABOUT_RETURN_TYPE = YES_ERROR;
				GCC_WARN_UNDECLARED_SELECTOR = YES;
				GCC_WARN_UNINITIALIZED_AUTOS = YES_AGGRESSIVE;
				GCC_WARN_UNUSED_FUNCTION = YES;
				GCC_WARN_UNUSED_VARIABLE = YES;
				IPHONEOS_DEPLOYMENT_TARGET = 16.0;
				LOCALIZATION_PREFERS_STRING_CATALOGS = YES;
				MTL_ENABLE_DEBUG_INFO = NO;
				MTL_FAST_MATH = YES;
				SDKROOT = iphoneos;
				SWIFT_COMPILATION_MODE = wholemodule;
				VALIDATE_PRODUCT = YES;
			};
			name = Release;
		};
		DF10C7C42D343A3F006035E8 /* Debug */ = {
			isa = XCBuildConfiguration;
			buildSettings = {
				ASSETCATALOG_COMPILER_APPICON_NAME = AppIcon;
				ASSETCATALOG_COMPILER_GLOBAL_ACCENT_COLOR_NAME = AccentColor;
				ASSETCATALOG_COMPILER_INCLUDE_ALL_APPICON_ASSETS = NO;
				CODE_SIGN_IDENTITY = "Apple Development";
				CODE_SIGN_STYLE = Automatic;
				CURRENT_PROJECT_VERSION = 1;
				DEVELOPMENT_TEAM = 22WLLT8Q75;
				GENERATE_INFOPLIST_FILE = YES;
				INFOPLIST_FILE = Chait/AppResources/Info.plist;
				INFOPLIST_KEY_LSApplicationCategoryType = "public.app-category.social-networking";
				INFOPLIST_KEY_UIApplicationSupportsIndirectInputEvents = YES;
				INFOPLIST_KEY_UILaunchStoryboardName = LaunchScreen;
				INFOPLIST_KEY_UISupportedInterfaceOrientations_iPad = "UIInterfaceOrientationPortrait UIInterfaceOrientationPortraitUpsideDown UIInterfaceOrientationLandscapeLeft UIInterfaceOrientationLandscapeRight";
				INFOPLIST_KEY_UISupportedInterfaceOrientations_iPhone = "UIInterfaceOrientationPortrait UIInterfaceOrientationLandscapeLeft UIInterfaceOrientationLandscapeRight";
				IPHONEOS_DEPLOYMENT_TARGET = 16.0;
				LD_RUNPATH_SEARCH_PATHS = (
					"$(inherited)",
					"@executable_path/Frameworks",
				);
				MARKETING_VERSION = 1.0;
				PRODUCT_BUNDLE_IDENTIFIER = remypark.Chait;
				PRODUCT_NAME = "$(TARGET_NAME)";
				PROVISIONING_PROFILE_SPECIFIER = "";
				SWIFT_EMIT_LOC_STRINGS = YES;
				SWIFT_VERSION = 5.0;
				TARGETED_DEVICE_FAMILY = "1,2";
			};
			name = Debug;
		};
		DF10C7C52D343A3F006035E8 /* Release */ = {
			isa = XCBuildConfiguration;
			buildSettings = {
				ASSETCATALOG_COMPILER_APPICON_NAME = AppIcon;
				ASSETCATALOG_COMPILER_GLOBAL_ACCENT_COLOR_NAME = AccentColor;
				ASSETCATALOG_COMPILER_INCLUDE_ALL_APPICON_ASSETS = NO;
				CODE_SIGN_IDENTITY = "Apple Development";
				CODE_SIGN_STYLE = Automatic;
				CURRENT_PROJECT_VERSION = 1;
				DEVELOPMENT_TEAM = 22WLLT8Q75;
				GENERATE_INFOPLIST_FILE = YES;
				INFOPLIST_FILE = Chait/AppResources/Info.plist;
				INFOPLIST_KEY_LSApplicationCategoryType = "public.app-category.social-networking";
				INFOPLIST_KEY_UIApplicationSupportsIndirectInputEvents = YES;
				INFOPLIST_KEY_UILaunchStoryboardName = LaunchScreen;
				INFOPLIST_KEY_UISupportedInterfaceOrientations_iPad = "UIInterfaceOrientationPortrait UIInterfaceOrientationPortraitUpsideDown UIInterfaceOrientationLandscapeLeft UIInterfaceOrientationLandscapeRight";
				INFOPLIST_KEY_UISupportedInterfaceOrientations_iPhone = "UIInterfaceOrientationPortrait UIInterfaceOrientationLandscapeLeft UIInterfaceOrientationLandscapeRight";
				IPHONEOS_DEPLOYMENT_TARGET = 16.0;
				LD_RUNPATH_SEARCH_PATHS = (
					"$(inherited)",
					"@executable_path/Frameworks",
				);
				MARKETING_VERSION = 1.0;
				PRODUCT_BUNDLE_IDENTIFIER = remypark.Chait;
				PRODUCT_NAME = "$(TARGET_NAME)";
				PROVISIONING_PROFILE_SPECIFIER = "";
				SWIFT_EMIT_LOC_STRINGS = YES;
				SWIFT_VERSION = 5.0;
				TARGETED_DEVICE_FAMILY = "1,2";
			};
			name = Release;
		};
/* End XCBuildConfiguration section */

/* Begin XCConfigurationList section */
		DF10C7AA2D343A3E006035E8 /* Build configuration list for PBXProject "Chait" */ = {
			isa = XCConfigurationList;
			buildConfigurations = (
				DF10C7C12D343A3F006035E8 /* Debug */,
				DF10C7C22D343A3F006035E8 /* Release */,
			);
			defaultConfigurationIsVisible = 0;
			defaultConfigurationName = Release;
		};
		DF10C7C32D343A3F006035E8 /* Build configuration list for PBXNativeTarget "Chait" */ = {
			isa = XCConfigurationList;
			buildConfigurations = (
				DF10C7C42D343A3F006035E8 /* Debug */,
				DF10C7C52D343A3F006035E8 /* Release */,
			);
			defaultConfigurationIsVisible = 0;
			defaultConfigurationName = Release;
		};
/* End XCConfigurationList section */

/* Begin XCRemoteSwiftPackageReference section */
		DF674A5C2D36C38E00B61966 /* XCRemoteSwiftPackageReference "supabase-swift" */ = {
			isa = XCRemoteSwiftPackageReference;
			repositoryURL = "https://github.com/supabase/supabase-swift.git";
			requirement = {
				kind = exactVersion;
				version = 2.24.0;
			};
		};
/* End XCRemoteSwiftPackageReference section */

/* Begin XCSwiftPackageProductDependency section */
		DF674A5D2D36C38E00B61966 /* Auth */ = {
			isa = XCSwiftPackageProductDependency;
			package = DF674A5C2D36C38E00B61966 /* XCRemoteSwiftPackageReference "supabase-swift" */;
			productName = Auth;
		};
		DF674A5F2D36C38E00B61966 /* Functions */ = {
			isa = XCSwiftPackageProductDependency;
			package = DF674A5C2D36C38E00B61966 /* XCRemoteSwiftPackageReference "supabase-swift" */;
			productName = Functions;
		};
		DF674A612D36C38E00B61966 /* PostgREST */ = {
			isa = XCSwiftPackageProductDependency;
			package = DF674A5C2D36C38E00B61966 /* XCRemoteSwiftPackageReference "supabase-swift" */;
			productName = PostgREST;
		};
		DF674A632D36C38E00B61966 /* Realtime */ = {
			isa = XCSwiftPackageProductDependency;
			package = DF674A5C2D36C38E00B61966 /* XCRemoteSwiftPackageReference "supabase-swift" */;
			productName = Realtime;
		};
		DF674A652D36C38E00B61966 /* Storage */ = {
			isa = XCSwiftPackageProductDependency;
			package = DF674A5C2D36C38E00B61966 /* XCRemoteSwiftPackageReference "supabase-swift" */;
			productName = Storage;
		};
		DFAE5D082D36D5A100999787 /* Supabase */ = {
			isa = XCSwiftPackageProductDependency;
			package = DF674A5C2D36C38E00B61966 /* XCRemoteSwiftPackageReference "supabase-swift" */;
			productName = Supabase;
		};
/* End XCSwiftPackageProductDependency section */
	};
	rootObject = DF10C7A72D343A3E006035E8 /* Project object */;
}
