// !$*UTF8*$!
{
	archiveVersion = 1;
	classes = {
	};
	objectVersion = 56;
	objects = {

/* Begin PBXBuildFile section */
		DF0D43E42D70B9930083AA14 /* ConversationViewController.swift in Sources */ = {isa = PBXBuildFile; fileRef = DF0D43E32D70B9930083AA14 /* ConversationViewController.swift */; };
		DF0D43E82D70C95F0083AA14 /* AppEnvironment.swift in Sources */ = {isa = PBXBuildFile; fileRef = DF0D43E72D70C95F0083AA14 /* AppEnvironment.swift */; };
		DF0D43EB2D718EAF0083AA14 /* NewMessagesRequest.swift in Sources */ = {isa = PBXBuildFile; fileRef = DF0D43EA2D718EAF0083AA14 /* NewMessagesRequest.swift */; };
		DF0F26C02DAAFD1B002308E9 /* User.swift in Sources */ = {isa = PBXBuildFile; fileRef = DF0F26BF2DAAFD19002308E9 /* User.swift */; };
		DF0F26C22DAB8D8A002308E9 /* ProfileImage.swift in Sources */ = {isa = PBXBuildFile; fileRef = DF0F26C12DAB8D88002308E9 /* ProfileImage.swift */; };
		DF0F26C42DAB91E8002308E9 /* Conversation.swift in Sources */ = {isa = PBXBuildFile; fileRef = DF0F26C32DAB91E5002308E9 /* Conversation.swift */; };
		DF0F26C82DABA426002308E9 /* AppUser.swift in Sources */ = {isa = PBXBuildFile; fileRef = DF0F26C72DABA402002308E9 /* AppUser.swift */; };
		DF0F26CA2DABA8B7002308E9 /* Participant.swift in Sources */ = {isa = PBXBuildFile; fileRef = DF0F26C92DABA888002308E9 /* Participant.swift */; };
		DF0F26CC2DABAAD0002308E9 /* PrivateConversation.swift in Sources */ = {isa = PBXBuildFile; fileRef = DF0F26CB2DABAACA002308E9 /* PrivateConversation.swift */; };
		DF0F26CE2DABAD23002308E9 /* GroupConversation.swift in Sources */ = {isa = PBXBuildFile; fileRef = DF0F26CD2DABAD20002308E9 /* GroupConversation.swift */; };
		DF0F26D02DABB4BC002308E9 /* ContactUser.swift in Sources */ = {isa = PBXBuildFile; fileRef = DF0F26CF2DABB4B9002308E9 /* ContactUser.swift */; };
		DF0F26D52DAD14C0002308E9 /* ConversationUseCase.swift in Sources */ = {isa = PBXBuildFile; fileRef = DF0F26D42DAD14BB002308E9 /* ConversationUseCase.swift */; };
		DF0F26DB2DAD18AF002308E9 /* ConversationRepository.swift in Sources */ = {isa = PBXBuildFile; fileRef = DF0F26DA2DAD18AA002308E9 /* ConversationRepository.swift */; };
		DF0F26DD2DAD1A9F002308E9 /* ConversationRemoteDataSource.swift in Sources */ = {isa = PBXBuildFile; fileRef = DF0F26DC2DAD1A91002308E9 /* ConversationRemoteDataSource.swift */; };
		DF0F26DF2DADE400002308E9 /* ConversationResponse.swift in Sources */ = {isa = PBXBuildFile; fileRef = DF0F26DE2DADE3FD002308E9 /* ConversationResponse.swift */; };
		DF0F26E22DADE8A3002308E9 /* ConversationMembershipRemoteDataSource.swift in Sources */ = {isa = PBXBuildFile; fileRef = DF0F26E12DADE899002308E9 /* ConversationMembershipRemoteDataSource.swift */; };
		DF0F26E42DADE918002308E9 /* ConversationMembershipResponse.swift in Sources */ = {isa = PBXBuildFile; fileRef = DF0F26E32DADE912002308E9 /* ConversationMembershipResponse.swift */; };
		DF0F26E62DADEA2F002308E9 /* ConversationRepositoryImplementation.swift in Sources */ = {isa = PBXBuildFile; fileRef = DF0F26E52DADEA1E002308E9 /* ConversationRepositoryImplementation.swift */; };
		DF0F26E82DADF52B002308E9 /* UserRemoteDataSource.swift in Sources */ = {isa = PBXBuildFile; fileRef = DF0F26E72DADF51E002308E9 /* UserRemoteDataSource.swift */; };
		DF0F26EA2DADF9AD002308E9 /* UserResopnse.swift in Sources */ = {isa = PBXBuildFile; fileRef = DF0F26E92DADF9AC002308E9 /* UserResopnse.swift */; };
		DF10C7B32D343A3E006035E8 /* AppDelegate.swift in Sources */ = {isa = PBXBuildFile; fileRef = DF10C7B22D343A3E006035E8 /* AppDelegate.swift */; };
		DF10C7B52D343A3E006035E8 /* SceneDelegate.swift in Sources */ = {isa = PBXBuildFile; fileRef = DF10C7B42D343A3E006035E8 /* SceneDelegate.swift */; };
		DF10C7BC2D343A3F006035E8 /* Assets.xcassets in Resources */ = {isa = PBXBuildFile; fileRef = DF10C7BB2D343A3F006035E8 /* Assets.xcassets */; };
		DF10C7BF2D343A3F006035E8 /* LaunchScreen.storyboard in Resources */ = {isa = PBXBuildFile; fileRef = DF10C7BD2D343A3F006035E8 /* LaunchScreen.storyboard */; };
		DF350FB62DB104670010FE8A /* SnakeKeyISODateJSONDecoder.swift in Sources */ = {isa = PBXBuildFile; fileRef = DF350FB52DB1045B0010FE8A /* SnakeKeyISODateJSONDecoder.swift */; };
		DF350FB82DB211230010FE8A /* AuthenticationService.swift in Sources */ = {isa = PBXBuildFile; fileRef = DF350FB72DB2111B0010FE8A /* AuthenticationService.swift */; };
		DF4920002DAE875200EA51D2 /* Supabase+Decode.swift in Sources */ = {isa = PBXBuildFile; fileRef = DF491FFF2DAE874900EA51D2 /* Supabase+Decode.swift */; };
		DF4920022DB02B5300EA51D2 /* ConversationSummary.swift in Sources */ = {isa = PBXBuildFile; fileRef = DF4920012DB02B5000EA51D2 /* ConversationSummary.swift */; };
		DF4920042DB03EC000EA51D2 /* ConversationSummaryViewModel.swift in Sources */ = {isa = PBXBuildFile; fileRef = DF4920032DB03EBA00EA51D2 /* ConversationSummaryViewModel.swift */; };
		DF50BFDB2D99B3C80022B1E3 /* FriendRepositoryImplementation.swift in Sources */ = {isa = PBXBuildFile; fileRef = DF50BFDA2D99B3C20022B1E3 /* FriendRepositoryImplementation.swift */; };
		DF50BFDD2D9AB02B0022B1E3 /* FriendshipResponse.swift in Sources */ = {isa = PBXBuildFile; fileRef = DF50BFDC2D9AB0240022B1E3 /* FriendshipResponse.swift */; };
		DF50BFDF2D9AB3A40022B1E3 /* FriendListViewModel.swift in Sources */ = {isa = PBXBuildFile; fileRef = DF50BFDE2D9AB39F0022B1E3 /* FriendListViewModel.swift */; };
		DF50BFE22D9AB7920022B1E3 /* FriendListViewController.swift in Sources */ = {isa = PBXBuildFile; fileRef = DF50BFE12D9AB78E0022B1E3 /* FriendListViewController.swift */; };
		DF7574482DDCBACC00F08C10 /* FetchConversationSummariesUseCase.swift in Sources */ = {isa = PBXBuildFile; fileRef = DF7574472DDCBAC300F08C10 /* FetchConversationSummariesUseCase.swift */; };
		DF75744A2DDCC8FD00F08C10 /* AuthSession.swift in Sources */ = {isa = PBXBuildFile; fileRef = DF7574492DDCC8FA00F08C10 /* AuthSession.swift */; };
		DF75744C2DDCCDC900F08C10 /* AppCoreContainer.swift in Sources */ = {isa = PBXBuildFile; fileRef = DF75744B2DDCCDC100F08C10 /* AppCoreContainer.swift */; };
		DF75744E2DDCDAAA00F08C10 /* AppCoreCoordinator.swift in Sources */ = {isa = PBXBuildFile; fileRef = DF75744D2DDCDAA700F08C10 /* AppCoreCoordinator.swift */; };
		DF7BC61A2D71965600AAF678 /* Auth in Frameworks */ = {isa = PBXBuildFile; productRef = DF7BC6192D71965600AAF678 /* Auth */; };
		DF7BC61C2D71965600AAF678 /* Functions in Frameworks */ = {isa = PBXBuildFile; productRef = DF7BC61B2D71965600AAF678 /* Functions */; };
		DF7BC61E2D71965600AAF678 /* PostgREST in Frameworks */ = {isa = PBXBuildFile; productRef = DF7BC61D2D71965600AAF678 /* PostgREST */; };
		DF7BC6202D71965600AAF678 /* Realtime in Frameworks */ = {isa = PBXBuildFile; productRef = DF7BC61F2D71965600AAF678 /* Realtime */; };
		DF7BC6222D71965600AAF678 /* Storage in Frameworks */ = {isa = PBXBuildFile; productRef = DF7BC6212D71965600AAF678 /* Storage */; };
		DF7BC6242D71965600AAF678 /* Supabase in Frameworks */ = {isa = PBXBuildFile; productRef = DF7BC6232D71965600AAF678 /* Supabase */; };
		DF7BC6262D72060100AAF678 /* ConversationMessageViewModel.swift in Sources */ = {isa = PBXBuildFile; fileRef = DF7BC6252D72060000AAF678 /* ConversationMessageViewModel.swift */; };
		DF7C16F62DBDDC0500CAF20F /* NewMessage.swift in Sources */ = {isa = PBXBuildFile; fileRef = DF7C16F52DBDDBF700CAF20F /* NewMessage.swift */; };
		DF7FBDA02D75F69200753FCE /* ConversationListViewModel.swift in Sources */ = {isa = PBXBuildFile; fileRef = DF7FBD9F2D75F69200753FCE /* ConversationListViewModel.swift */; };
		DF7FBDA42D75FAB700753FCE /* ConversationListViewController.swift in Sources */ = {isa = PBXBuildFile; fileRef = DF7FBDA32D75FAB700753FCE /* ConversationListViewController.swift */; };
		DF7FBDA62D7601E100753FCE /* AppSessionCoordinator.swift in Sources */ = {isa = PBXBuildFile; fileRef = DF7FBDA52D7601E100753FCE /* AppSessionCoordinator.swift */; };
		DF9676BE2D994F7F0078D0D5 /* Friend.swift in Sources */ = {isa = PBXBuildFile; fileRef = DF9676BD2D994F7F0078D0D5 /* Friend.swift */; };
		DF9676C02D994F980078D0D5 /* FetchFriendsListUseCase.swift in Sources */ = {isa = PBXBuildFile; fileRef = DF9676BF2D994F980078D0D5 /* FetchFriendsListUseCase.swift */; };
		DF9676C22D9951830078D0D5 /* FriendRepository.swift in Sources */ = {isa = PBXBuildFile; fileRef = DF9676C12D9951830078D0D5 /* FriendRepository.swift */; };
		DF9C91ED2D6EE95300A2BCDA /* MessageResponse.swift in Sources */ = {isa = PBXBuildFile; fileRef = DF9C91EC2D6EE95300A2BCDA /* MessageResponse.swift */; };
		DF9C91F12D6EEA6E00A2BCDA /* RemoteMessagesDataSource.swift in Sources */ = {isa = PBXBuildFile; fileRef = DF9C91F02D6EEA6E00A2BCDA /* RemoteMessagesDataSource.swift */; };
		DF9C91FF2D6F556E00A2BCDA /* ConversationViewModel.swift in Sources */ = {isa = PBXBuildFile; fileRef = DF9C91FE2D6F556E00A2BCDA /* ConversationViewModel.swift */; };
		DFBF6F312D6C80F7003B51DB /* Message.swift in Sources */ = {isa = PBXBuildFile; fileRef = DFBF6F302D6C80F7003B51DB /* Message.swift */; };
		DFC300192DD84EEE00A219F7 /* UICollectionView+EmptyLayout.swift in Sources */ = {isa = PBXBuildFile; fileRef = DFC300182DD84EDF00A219F7 /* UICollectionView+EmptyLayout.swift */; };
		DFC3001B2DD8613D00A219F7 /* UIFont+PreferredFontWeight.swift in Sources */ = {isa = PBXBuildFile; fileRef = DFC3001A2DD8612D00A219F7 /* UIFont+PreferredFontWeight.swift */; };
		DFD1225D2DC34C15005E3ED1 /* AppSessionContainer.swift in Sources */ = {isa = PBXBuildFile; fileRef = DFD1225C2DC34C0F005E3ED1 /* AppSessionContainer.swift */; };
		DFD122622DC5E6AA005E3ED1 /* WelcomeViewController.swift in Sources */ = {isa = PBXBuildFile; fileRef = DFD122612DC5E63E005E3ED1 /* WelcomeViewController.swift */; };
		DFD122672DC74DD8005E3ED1 /* UITraitCollection+DarkMode.swift in Sources */ = {isa = PBXBuildFile; fileRef = DFD122662DC74DC6005E3ED1 /* UITraitCollection+DarkMode.swift */; };
		DFD122692DC74E7D005E3ED1 /* MonoPrimaryButton.swift in Sources */ = {isa = PBXBuildFile; fileRef = DFD122682DC74E78005E3ED1 /* MonoPrimaryButton.swift */; };
		DFD1226B2DC74E9D005E3ED1 /* MonoSecondaryBorderedButton.swift in Sources */ = {isa = PBXBuildFile; fileRef = DFD1226A2DC74E98005E3ED1 /* MonoSecondaryBorderedButton.swift */; };
		DFD1226D2DC74FD0005E3ED1 /* SignInViewController.swift in Sources */ = {isa = PBXBuildFile; fileRef = DFD1226C2DC74FCC005E3ED1 /* SignInViewController.swift */; };
		DFD1226F2DC8C6B5005E3ED1 /* SingInViewModel.swift in Sources */ = {isa = PBXBuildFile; fileRef = DFD1226E2DC8C6B2005E3ED1 /* SingInViewModel.swift */; };
		DFD122722DCE49E5005E3ED1 /* UITextField+Bind.swift in Sources */ = {isa = PBXBuildFile; fileRef = DFD122712DCE49DD005E3ED1 /* UITextField+Bind.swift */; };
		DFD122742DCE58FA005E3ED1 /* UIButton+Loading.swift in Sources */ = {isa = PBXBuildFile; fileRef = DFD122732DCE58F4005E3ED1 /* UIButton+Loading.swift */; };
		DFD122762DCF54E7005E3ED1 /* ListSection.swift in Sources */ = {isa = PBXBuildFile; fileRef = DFD122752DCF54E4005E3ED1 /* ListSection.swift */; };
		DFD7EC9C2DBB733000E5387B /* FriendViewModel.swift in Sources */ = {isa = PBXBuildFile; fileRef = DFD7EC9B2DBB732E00E5387B /* FriendViewModel.swift */; };
		DFD7EC9E2DBB77D100E5387B /* FetchImageUseCase.swift in Sources */ = {isa = PBXBuildFile; fileRef = DFD7EC9D2DBB77C600E5387B /* FetchImageUseCase.swift */; };
		DFD7ECA22DBB7BB400E5387B /* ImageRepository.swift in Sources */ = {isa = PBXBuildFile; fileRef = DFD7ECA12DBB7BAE00E5387B /* ImageRepository.swift */; };
		DFD7ECA42DBB7F7100E5387B /* ImageManager.swift in Sources */ = {isa = PBXBuildFile; fileRef = DFD7ECA32DBB7F6500E5387B /* ImageManager.swift */; };
		DFD7ECA72DBB861800E5387B /* ImageRepositoryImplementation.swift in Sources */ = {isa = PBXBuildFile; fileRef = DFD7ECA62DBB860E00E5387B /* ImageRepositoryImplementation.swift */; };
		DFE17EDA2DD76F5B008A58C2 /* FriendListCellContentView.swift in Sources */ = {isa = PBXBuildFile; fileRef = DFE17ED92DD76F42008A58C2 /* FriendListCellContentView.swift */; };
		DFE17F0D2DD7AF6D008A58C2 /* UICollectionViewListCell+Configuration.swift in Sources */ = {isa = PBXBuildFile; fileRef = DFE17F0C2DD7AF67008A58C2 /* UICollectionViewListCell+Configuration.swift */; };
/* End PBXBuildFile section */

/* Begin PBXContainerItemProxy section */
		DF4938472D6C958300494113 /* PBXContainerItemProxy */ = {
			isa = PBXContainerItemProxy;
			containerPortal = DF10C7A72D343A3E006035E8 /* Project object */;
			proxyType = 1;
			remoteGlobalIDString = DF10C7AE2D343A3E006035E8;
			remoteInfo = Chait;
		};
/* End PBXContainerItemProxy section */

/* Begin PBXFileReference section */
		DF0D43E32D70B9930083AA14 /* ConversationViewController.swift */ = {isa = PBXFileReference; lastKnownFileType = sourcecode.swift; path = ConversationViewController.swift; sourceTree = "<group>"; };
		DF0D43E62D70C74A0083AA14 /* Secrets.xcconfig */ = {isa = PBXFileReference; lastKnownFileType = text.xcconfig; path = Secrets.xcconfig; sourceTree = "<group>"; };
		DF0D43E72D70C95F0083AA14 /* AppEnvironment.swift */ = {isa = PBXFileReference; lastKnownFileType = sourcecode.swift; path = AppEnvironment.swift; sourceTree = "<group>"; };
		DF0D43EA2D718EAF0083AA14 /* NewMessagesRequest.swift */ = {isa = PBXFileReference; lastKnownFileType = sourcecode.swift; path = NewMessagesRequest.swift; sourceTree = "<group>"; };
		DF0F26BF2DAAFD19002308E9 /* User.swift */ = {isa = PBXFileReference; lastKnownFileType = sourcecode.swift; path = User.swift; sourceTree = "<group>"; };
		DF0F26C12DAB8D88002308E9 /* ProfileImage.swift */ = {isa = PBXFileReference; lastKnownFileType = sourcecode.swift; path = ProfileImage.swift; sourceTree = "<group>"; };
		DF0F26C32DAB91E5002308E9 /* Conversation.swift */ = {isa = PBXFileReference; lastKnownFileType = sourcecode.swift; path = Conversation.swift; sourceTree = "<group>"; };
		DF0F26C72DABA402002308E9 /* AppUser.swift */ = {isa = PBXFileReference; lastKnownFileType = sourcecode.swift; path = AppUser.swift; sourceTree = "<group>"; };
		DF0F26C92DABA888002308E9 /* Participant.swift */ = {isa = PBXFileReference; lastKnownFileType = sourcecode.swift; path = Participant.swift; sourceTree = "<group>"; };
		DF0F26CB2DABAACA002308E9 /* PrivateConversation.swift */ = {isa = PBXFileReference; lastKnownFileType = sourcecode.swift; path = PrivateConversation.swift; sourceTree = "<group>"; };
		DF0F26CD2DABAD20002308E9 /* GroupConversation.swift */ = {isa = PBXFileReference; lastKnownFileType = sourcecode.swift; path = GroupConversation.swift; sourceTree = "<group>"; };
		DF0F26CF2DABB4B9002308E9 /* ContactUser.swift */ = {isa = PBXFileReference; lastKnownFileType = sourcecode.swift; path = ContactUser.swift; sourceTree = "<group>"; };
		DF0F26D42DAD14BB002308E9 /* ConversationUseCase.swift */ = {isa = PBXFileReference; lastKnownFileType = sourcecode.swift; path = ConversationUseCase.swift; sourceTree = "<group>"; };
		DF0F26DA2DAD18AA002308E9 /* ConversationRepository.swift */ = {isa = PBXFileReference; lastKnownFileType = sourcecode.swift; path = ConversationRepository.swift; sourceTree = "<group>"; };
		DF0F26DC2DAD1A91002308E9 /* ConversationRemoteDataSource.swift */ = {isa = PBXFileReference; lastKnownFileType = sourcecode.swift; path = ConversationRemoteDataSource.swift; sourceTree = "<group>"; };
		DF0F26DE2DADE3FD002308E9 /* ConversationResponse.swift */ = {isa = PBXFileReference; lastKnownFileType = sourcecode.swift; path = ConversationResponse.swift; sourceTree = "<group>"; };
		DF0F26E12DADE899002308E9 /* ConversationMembershipRemoteDataSource.swift */ = {isa = PBXFileReference; lastKnownFileType = sourcecode.swift; path = ConversationMembershipRemoteDataSource.swift; sourceTree = "<group>"; };
		DF0F26E32DADE912002308E9 /* ConversationMembershipResponse.swift */ = {isa = PBXFileReference; lastKnownFileType = sourcecode.swift; path = ConversationMembershipResponse.swift; sourceTree = "<group>"; };
		DF0F26E52DADEA1E002308E9 /* ConversationRepositoryImplementation.swift */ = {isa = PBXFileReference; lastKnownFileType = sourcecode.swift; path = ConversationRepositoryImplementation.swift; sourceTree = "<group>"; };
		DF0F26E72DADF51E002308E9 /* UserRemoteDataSource.swift */ = {isa = PBXFileReference; lastKnownFileType = sourcecode.swift; path = UserRemoteDataSource.swift; sourceTree = "<group>"; };
		DF0F26E92DADF9AC002308E9 /* UserResopnse.swift */ = {isa = PBXFileReference; lastKnownFileType = sourcecode.swift; path = UserResopnse.swift; sourceTree = "<group>"; };
		DF10C7AF2D343A3E006035E8 /* Chait.app */ = {isa = PBXFileReference; explicitFileType = wrapper.application; includeInIndex = 0; path = Chait.app; sourceTree = BUILT_PRODUCTS_DIR; };
		DF10C7B22D343A3E006035E8 /* AppDelegate.swift */ = {isa = PBXFileReference; lastKnownFileType = sourcecode.swift; path = AppDelegate.swift; sourceTree = "<group>"; };
		DF10C7B42D343A3E006035E8 /* SceneDelegate.swift */ = {isa = PBXFileReference; lastKnownFileType = sourcecode.swift; path = SceneDelegate.swift; sourceTree = "<group>"; };
		DF10C7BB2D343A3F006035E8 /* Assets.xcassets */ = {isa = PBXFileReference; lastKnownFileType = folder.assetcatalog; path = Assets.xcassets; sourceTree = "<group>"; };
		DF10C7BE2D343A3F006035E8 /* Base */ = {isa = PBXFileReference; lastKnownFileType = file.storyboard; name = Base; path = Base.lproj/LaunchScreen.storyboard; sourceTree = "<group>"; };
		DF10C7C02D343A3F006035E8 /* Info.plist */ = {isa = PBXFileReference; lastKnownFileType = text.plist.xml; path = Info.plist; sourceTree = "<group>"; };
		DF350FB52DB1045B0010FE8A /* SnakeKeyISODateJSONDecoder.swift */ = {isa = PBXFileReference; lastKnownFileType = sourcecode.swift; path = SnakeKeyISODateJSONDecoder.swift; sourceTree = "<group>"; };
		DF350FB72DB2111B0010FE8A /* AuthenticationService.swift */ = {isa = PBXFileReference; lastKnownFileType = sourcecode.swift; path = AuthenticationService.swift; sourceTree = "<group>"; };
		DF491FFF2DAE874900EA51D2 /* Supabase+Decode.swift */ = {isa = PBXFileReference; lastKnownFileType = sourcecode.swift; path = "Supabase+Decode.swift"; sourceTree = "<group>"; };
		DF4920012DB02B5000EA51D2 /* ConversationSummary.swift */ = {isa = PBXFileReference; lastKnownFileType = sourcecode.swift; path = ConversationSummary.swift; sourceTree = "<group>"; };
		DF4920032DB03EBA00EA51D2 /* ConversationSummaryViewModel.swift */ = {isa = PBXFileReference; lastKnownFileType = sourcecode.swift; path = ConversationSummaryViewModel.swift; sourceTree = "<group>"; };
		DF4938432D6C958300494113 /* ChaitTests.xctest */ = {isa = PBXFileReference; explicitFileType = wrapper.cfbundle; includeInIndex = 0; path = ChaitTests.xctest; sourceTree = BUILT_PRODUCTS_DIR; };
		DF50BFDA2D99B3C20022B1E3 /* FriendRepositoryImplementation.swift */ = {isa = PBXFileReference; lastKnownFileType = sourcecode.swift; path = FriendRepositoryImplementation.swift; sourceTree = "<group>"; };
		DF50BFDC2D9AB0240022B1E3 /* FriendshipResponse.swift */ = {isa = PBXFileReference; lastKnownFileType = sourcecode.swift; path = FriendshipResponse.swift; sourceTree = "<group>"; };
		DF50BFDE2D9AB39F0022B1E3 /* FriendListViewModel.swift */ = {isa = PBXFileReference; lastKnownFileType = sourcecode.swift; path = FriendListViewModel.swift; sourceTree = "<group>"; };
		DF50BFE12D9AB78E0022B1E3 /* FriendListViewController.swift */ = {isa = PBXFileReference; lastKnownFileType = sourcecode.swift; path = FriendListViewController.swift; sourceTree = "<group>"; };
		DF7574472DDCBAC300F08C10 /* FetchConversationSummariesUseCase.swift */ = {isa = PBXFileReference; lastKnownFileType = sourcecode.swift; path = FetchConversationSummariesUseCase.swift; sourceTree = "<group>"; };
		DF7574492DDCC8FA00F08C10 /* AuthSession.swift */ = {isa = PBXFileReference; lastKnownFileType = sourcecode.swift; path = AuthSession.swift; sourceTree = "<group>"; };
		DF75744B2DDCCDC100F08C10 /* AppCoreContainer.swift */ = {isa = PBXFileReference; lastKnownFileType = sourcecode.swift; path = AppCoreContainer.swift; sourceTree = "<group>"; };
		DF75744D2DDCDAA700F08C10 /* AppCoreCoordinator.swift */ = {isa = PBXFileReference; lastKnownFileType = sourcecode.swift; path = AppCoreCoordinator.swift; sourceTree = "<group>"; };
		DF7BC6252D72060000AAF678 /* ConversationMessageViewModel.swift */ = {isa = PBXFileReference; lastKnownFileType = sourcecode.swift; path = ConversationMessageViewModel.swift; sourceTree = "<group>"; };
		DF7C16F52DBDDBF700CAF20F /* NewMessage.swift */ = {isa = PBXFileReference; lastKnownFileType = sourcecode.swift; path = NewMessage.swift; sourceTree = "<group>"; };
		DF7FBD9F2D75F69200753FCE /* ConversationListViewModel.swift */ = {isa = PBXFileReference; lastKnownFileType = sourcecode.swift; path = ConversationListViewModel.swift; sourceTree = "<group>"; };
		DF7FBDA32D75FAB700753FCE /* ConversationListViewController.swift */ = {isa = PBXFileReference; lastKnownFileType = sourcecode.swift; path = ConversationListViewController.swift; sourceTree = "<group>"; };
		DF7FBDA52D7601E100753FCE /* AppSessionCoordinator.swift */ = {isa = PBXFileReference; lastKnownFileType = sourcecode.swift; path = AppSessionCoordinator.swift; sourceTree = "<group>"; };
		DF9676BD2D994F7F0078D0D5 /* Friend.swift */ = {isa = PBXFileReference; fileEncoding = 4; lastKnownFileType = sourcecode.swift; path = Friend.swift; sourceTree = "<group>"; };
		DF9676BF2D994F980078D0D5 /* FetchFriendsListUseCase.swift */ = {isa = PBXFileReference; lastKnownFileType = sourcecode.swift; path = FetchFriendsListUseCase.swift; sourceTree = "<group>"; };
		DF9676C12D9951830078D0D5 /* FriendRepository.swift */ = {isa = PBXFileReference; lastKnownFileType = sourcecode.swift; path = FriendRepository.swift; sourceTree = "<group>"; };
		DF9C91EC2D6EE95300A2BCDA /* MessageResponse.swift */ = {isa = PBXFileReference; lastKnownFileType = sourcecode.swift; path = MessageResponse.swift; sourceTree = "<group>"; };
		DF9C91F02D6EEA6E00A2BCDA /* RemoteMessagesDataSource.swift */ = {isa = PBXFileReference; lastKnownFileType = sourcecode.swift; path = RemoteMessagesDataSource.swift; sourceTree = "<group>"; };
		DF9C91FE2D6F556E00A2BCDA /* ConversationViewModel.swift */ = {isa = PBXFileReference; lastKnownFileType = sourcecode.swift; path = ConversationViewModel.swift; sourceTree = "<group>"; };
		DFBF6F302D6C80F7003B51DB /* Message.swift */ = {isa = PBXFileReference; lastKnownFileType = sourcecode.swift; path = Message.swift; sourceTree = "<group>"; };
		DFC300182DD84EDF00A219F7 /* UICollectionView+EmptyLayout.swift */ = {isa = PBXFileReference; lastKnownFileType = sourcecode.swift; path = "UICollectionView+EmptyLayout.swift"; sourceTree = "<group>"; };
		DFC3001A2DD8612D00A219F7 /* UIFont+PreferredFontWeight.swift */ = {isa = PBXFileReference; lastKnownFileType = sourcecode.swift; path = "UIFont+PreferredFontWeight.swift"; sourceTree = "<group>"; };
		DFD1225C2DC34C0F005E3ED1 /* AppSessionContainer.swift */ = {isa = PBXFileReference; lastKnownFileType = sourcecode.swift; path = AppSessionContainer.swift; sourceTree = "<group>"; };
		DFD122612DC5E63E005E3ED1 /* WelcomeViewController.swift */ = {isa = PBXFileReference; lastKnownFileType = sourcecode.swift; path = WelcomeViewController.swift; sourceTree = "<group>"; };
		DFD122662DC74DC6005E3ED1 /* UITraitCollection+DarkMode.swift */ = {isa = PBXFileReference; lastKnownFileType = sourcecode.swift; path = "UITraitCollection+DarkMode.swift"; sourceTree = "<group>"; };
		DFD122682DC74E78005E3ED1 /* MonoPrimaryButton.swift */ = {isa = PBXFileReference; lastKnownFileType = sourcecode.swift; path = MonoPrimaryButton.swift; sourceTree = "<group>"; };
		DFD1226A2DC74E98005E3ED1 /* MonoSecondaryBorderedButton.swift */ = {isa = PBXFileReference; lastKnownFileType = sourcecode.swift; path = MonoSecondaryBorderedButton.swift; sourceTree = "<group>"; };
		DFD1226C2DC74FCC005E3ED1 /* SignInViewController.swift */ = {isa = PBXFileReference; lastKnownFileType = sourcecode.swift; path = SignInViewController.swift; sourceTree = "<group>"; };
		DFD1226E2DC8C6B2005E3ED1 /* SingInViewModel.swift */ = {isa = PBXFileReference; lastKnownFileType = sourcecode.swift; path = SingInViewModel.swift; sourceTree = "<group>"; };
		DFD122712DCE49DD005E3ED1 /* UITextField+Bind.swift */ = {isa = PBXFileReference; lastKnownFileType = sourcecode.swift; path = "UITextField+Bind.swift"; sourceTree = "<group>"; };
		DFD122732DCE58F4005E3ED1 /* UIButton+Loading.swift */ = {isa = PBXFileReference; lastKnownFileType = sourcecode.swift; path = "UIButton+Loading.swift"; sourceTree = "<group>"; };
		DFD122752DCF54E4005E3ED1 /* ListSection.swift */ = {isa = PBXFileReference; lastKnownFileType = sourcecode.swift; path = ListSection.swift; sourceTree = "<group>"; };
		DFD7EC9B2DBB732E00E5387B /* FriendViewModel.swift */ = {isa = PBXFileReference; lastKnownFileType = sourcecode.swift; path = FriendViewModel.swift; sourceTree = "<group>"; };
		DFD7EC9D2DBB77C600E5387B /* FetchImageUseCase.swift */ = {isa = PBXFileReference; lastKnownFileType = sourcecode.swift; path = FetchImageUseCase.swift; sourceTree = "<group>"; };
		DFD7ECA12DBB7BAE00E5387B /* ImageRepository.swift */ = {isa = PBXFileReference; lastKnownFileType = sourcecode.swift; path = ImageRepository.swift; sourceTree = "<group>"; };
		DFD7ECA32DBB7F6500E5387B /* ImageManager.swift */ = {isa = PBXFileReference; lastKnownFileType = sourcecode.swift; path = ImageManager.swift; sourceTree = "<group>"; };
		DFD7ECA62DBB860E00E5387B /* ImageRepositoryImplementation.swift */ = {isa = PBXFileReference; lastKnownFileType = sourcecode.swift; path = ImageRepositoryImplementation.swift; sourceTree = "<group>"; };
		DFE17ED92DD76F42008A58C2 /* FriendListCellContentView.swift */ = {isa = PBXFileReference; lastKnownFileType = sourcecode.swift; path = FriendListCellContentView.swift; sourceTree = "<group>"; };
		DFE17F0C2DD7AF67008A58C2 /* UICollectionViewListCell+Configuration.swift */ = {isa = PBXFileReference; lastKnownFileType = sourcecode.swift; path = "UICollectionViewListCell+Configuration.swift"; sourceTree = "<group>"; };
/* End PBXFileReference section */

/* Begin PBXFrameworksBuildPhase section */
		DF10C7AC2D343A3E006035E8 /* Frameworks */ = {
			isa = PBXFrameworksBuildPhase;
			buildActionMask = 2147483647;
			files = (
				DF7BC61E2D71965600AAF678 /* PostgREST in Frameworks */,
				DF7BC61C2D71965600AAF678 /* Functions in Frameworks */,
				DF7BC6242D71965600AAF678 /* Supabase in Frameworks */,
				DF7BC61A2D71965600AAF678 /* Auth in Frameworks */,
				DF7BC6222D71965600AAF678 /* Storage in Frameworks */,
				DF7BC6202D71965600AAF678 /* Realtime in Frameworks */,
			);
			runOnlyForDeploymentPostprocessing = 0;
		};
		DF4938402D6C958300494113 /* Frameworks */ = {
			isa = PBXFrameworksBuildPhase;
			buildActionMask = 2147483647;
			files = (
			);
			runOnlyForDeploymentPostprocessing = 0;
		};
/* End PBXFrameworksBuildPhase section */

/* Begin PBXGroup section */
		DF0F26BC2DAAFC57002308E9 /* Application */ = {
			isa = PBXGroup;
			children = (
				DF75744D2DDCDAA700F08C10 /* AppCoreCoordinator.swift */,
				DF7FBDA52D7601E100753FCE /* AppSessionCoordinator.swift */,
				DF75744B2DDCCDC100F08C10 /* AppCoreContainer.swift */,
				DFD1225C2DC34C0F005E3ED1 /* AppSessionContainer.swift */,
				DF0D43E72D70C95F0083AA14 /* AppEnvironment.swift */,
				DF0F26BD2DAAFC66002308E9 /* UseCase */,
				DF0F26BE2DAAFC7B002308E9 /* Interface */,
			);
			path = Application;
			sourceTree = "<group>";
		};
		DF0F26BD2DAAFC66002308E9 /* UseCase */ = {
			isa = PBXGroup;
			children = (
				DF7574472DDCBAC300F08C10 /* FetchConversationSummariesUseCase.swift */,
				DFD7EC9D2DBB77C600E5387B /* FetchImageUseCase.swift */,
				DF0F26D42DAD14BB002308E9 /* ConversationUseCase.swift */,
				DF9676BF2D994F980078D0D5 /* FetchFriendsListUseCase.swift */,
			);
			path = UseCase;
			sourceTree = "<group>";
		};
		DF0F26BE2DAAFC7B002308E9 /* Interface */ = {
			isa = PBXGroup;
			children = (
				DFD7ECA12DBB7BAE00E5387B /* ImageRepository.swift */,
				DF0F26DA2DAD18AA002308E9 /* ConversationRepository.swift */,
				DF9676C12D9951830078D0D5 /* FriendRepository.swift */,
			);
			path = Interface;
			sourceTree = "<group>";
		};
		DF10C7A62D343A3E006035E8 = {
			isa = PBXGroup;
			children = (
				DF10C7B12D343A3E006035E8 /* Chait */,
				DF4938442D6C958300494113 /* ChaitTests */,
				DF10C7B02D343A3E006035E8 /* Products */,
				DF7BC6182D71965600AAF678 /* Frameworks */,
			);
			sourceTree = "<group>";
		};
		DF10C7B02D343A3E006035E8 /* Products */ = {
			isa = PBXGroup;
			children = (
				DF10C7AF2D343A3E006035E8 /* Chait.app */,
				DF4938432D6C958300494113 /* ChaitTests.xctest */,
			);
			name = Products;
			sourceTree = "<group>";
		};
		DF10C7B12D343A3E006035E8 /* Chait */ = {
			isa = PBXGroup;
			children = (
				DF0F26BC2DAAFC57002308E9 /* Application */,
				DF674A0F2D34EFAE00B61966 /* Scene */,
				DFBF6F2E2D6C8065003B51DB /* Domain */,
				DFBF6F342D6C8605003B51DB /* Data */,
				DF674A0E2D34EFA400B61966 /* AppEntry */,
				DF674A102D34EFB300B61966 /* AppResources */,
			);
			path = Chait;
			sourceTree = "<group>";
		};
		DF4920052DB043C700EA51D2 /* Response */ = {
			isa = PBXGroup;
			children = (
				DF0F26E92DADF9AC002308E9 /* UserResopnse.swift */,
				DF9C91EC2D6EE95300A2BCDA /* MessageResponse.swift */,
				DF0F26E32DADE912002308E9 /* ConversationMembershipResponse.swift */,
				DF0F26DE2DADE3FD002308E9 /* ConversationResponse.swift */,
				DF50BFDC2D9AB0240022B1E3 /* FriendshipResponse.swift */,
			);
			path = Response;
			sourceTree = "<group>";
		};
		DF4920062DB0440300EA51D2 /* DataSource */ = {
			isa = PBXGroup;
			children = (
				DF9C91F02D6EEA6E00A2BCDA /* RemoteMessagesDataSource.swift */,
				DF0F26E72DADF51E002308E9 /* UserRemoteDataSource.swift */,
				DF0F26E12DADE899002308E9 /* ConversationMembershipRemoteDataSource.swift */,
				DF0F26DC2DAD1A91002308E9 /* ConversationRemoteDataSource.swift */,
			);
			path = DataSource;
			sourceTree = "<group>";
		};
		DF4938442D6C958300494113 /* ChaitTests */ = {
			isa = PBXGroup;
			children = (
				DF4938542D6C9C6200494113 /* Helpers */,
				DF9C91FC2D6F19AA00A2BCDA /* Unit */,
			);
			path = ChaitTests;
			sourceTree = "<group>";
		};
		DF4938542D6C9C6200494113 /* Helpers */ = {
			isa = PBXGroup;
			children = (
			);
			path = Helpers;
			sourceTree = "<group>";
		};
		DF50BFD82D99B34E0022B1E3 /* NetworkStack */ = {
			isa = PBXGroup;
			children = (
				DF491FFF2DAE874900EA51D2 /* Supabase+Decode.swift */,
				DFD7ECA32DBB7F6500E5387B /* ImageManager.swift */,
				DF350FB52DB1045B0010FE8A /* SnakeKeyISODateJSONDecoder.swift */,
				DF4920062DB0440300EA51D2 /* DataSource */,
				DFC3001D2DD863AD00A219F7 /* Request */,
				DF4920052DB043C700EA51D2 /* Response */,
			);
			path = NetworkStack;
			sourceTree = "<group>";
		};
		DF50BFE02D9AB7750022B1E3 /* FriendList */ = {
			isa = PBXGroup;
			children = (
				DFE17ED92DD76F42008A58C2 /* FriendListCellContentView.swift */,
				DFD7EC9B2DBB732E00E5387B /* FriendViewModel.swift */,
				DF50BFE12D9AB78E0022B1E3 /* FriendListViewController.swift */,
				DF50BFDE2D9AB39F0022B1E3 /* FriendListViewModel.swift */,
			);
			path = FriendList;
			sourceTree = "<group>";
		};
		DF674A0E2D34EFA400B61966 /* AppEntry */ = {
			isa = PBXGroup;
			children = (
				DF10C7B22D343A3E006035E8 /* AppDelegate.swift */,
				DF10C7B42D343A3E006035E8 /* SceneDelegate.swift */,
			);
			path = AppEntry;
			sourceTree = "<group>";
		};
		DF674A0F2D34EFAE00B61966 /* Scene */ = {
			isa = PBXGroup;
			children = (
				DFD122702DCE49D9005E3ED1 /* Extension */,
				DFD122652DC74DB9005E3ED1 /* CommonDesign */,
				DFD122602DC5E632005E3ED1 /* Onboarding */,
				DF50BFE02D9AB7750022B1E3 /* FriendList */,
				DF7FBD9E2D75F67E00753FCE /* ConversationList */,
				DF9C91FD2D6F555100A2BCDA /* Conversation */,
			);
			path = Scene;
			sourceTree = "<group>";
		};
		DF674A102D34EFB300B61966 /* AppResources */ = {
			isa = PBXGroup;
			children = (
				DF10C7BB2D343A3F006035E8 /* Assets.xcassets */,
				DF10C7BD2D343A3F006035E8 /* LaunchScreen.storyboard */,
				DF10C7C02D343A3F006035E8 /* Info.plist */,
				DF0D43E62D70C74A0083AA14 /* Secrets.xcconfig */,
			);
			path = AppResources;
			sourceTree = "<group>";
		};
		DF7BC6182D71965600AAF678 /* Frameworks */ = {
			isa = PBXGroup;
			children = (
			);
			name = Frameworks;
			sourceTree = "<group>";
		};
		DF7FBD9E2D75F67E00753FCE /* ConversationList */ = {
			isa = PBXGroup;
			children = (
				DF4920032DB03EBA00EA51D2 /* ConversationSummaryViewModel.swift */,
				DF7FBD9F2D75F69200753FCE /* ConversationListViewModel.swift */,
				DF7FBDA32D75FAB700753FCE /* ConversationListViewController.swift */,
			);
			path = ConversationList;
			sourceTree = "<group>";
		};
		DF9C91FC2D6F19AA00A2BCDA /* Unit */ = {
			isa = PBXGroup;
			children = (
			);
			path = Unit;
			sourceTree = "<group>";
		};
		DF9C91FD2D6F555100A2BCDA /* Conversation */ = {
			isa = PBXGroup;
			children = (
				DF0D43E32D70B9930083AA14 /* ConversationViewController.swift */,
				DF9C91FE2D6F556E00A2BCDA /* ConversationViewModel.swift */,
				DF7BC6252D72060000AAF678 /* ConversationMessageViewModel.swift */,
			);
			path = Conversation;
			sourceTree = "<group>";
		};
		DFBF6F2E2D6C8065003B51DB /* Domain */ = {
			isa = PBXGroup;
			children = (
				DF7C16F52DBDDBF700CAF20F /* NewMessage.swift */,
				DF4920012DB02B5000EA51D2 /* ConversationSummary.swift */,
				DF0F26CF2DABB4B9002308E9 /* ContactUser.swift */,
				DF0F26CD2DABAD20002308E9 /* GroupConversation.swift */,
				DF0F26CB2DABAACA002308E9 /* PrivateConversation.swift */,
				DF0F26C92DABA888002308E9 /* Participant.swift */,
				DF0F26C72DABA402002308E9 /* AppUser.swift */,
				DF0F26C32DAB91E5002308E9 /* Conversation.swift */,
				DF0F26C12DAB8D88002308E9 /* ProfileImage.swift */,
				DF0F26BF2DAAFD19002308E9 /* User.swift */,
				DF9676BD2D994F7F0078D0D5 /* Friend.swift */,
				DFBF6F302D6C80F7003B51DB /* Message.swift */,
			);
			path = Domain;
			sourceTree = "<group>";
		};
		DFBF6F342D6C8605003B51DB /* Data */ = {
			isa = PBXGroup;
			children = (
				DF7574492DDCC8FA00F08C10 /* AuthSession.swift */,
				DF350FB72DB2111B0010FE8A /* AuthenticationService.swift */,
				DFC3001C2DD8637600A219F7 /* Repository */,
				DF50BFD82D99B34E0022B1E3 /* NetworkStack */,
			);
			path = Data;
			sourceTree = "<group>";
		};
		DFC3001C2DD8637600A219F7 /* Repository */ = {
			isa = PBXGroup;
			children = (
				DF0F26E52DADEA1E002308E9 /* ConversationRepositoryImplementation.swift */,
				DF50BFDA2D99B3C20022B1E3 /* FriendRepositoryImplementation.swift */,
				DFD7ECA62DBB860E00E5387B /* ImageRepositoryImplementation.swift */,
			);
			path = Repository;
			sourceTree = "<group>";
		};
		DFC3001D2DD863AD00A219F7 /* Request */ = {
			isa = PBXGroup;
			children = (
				DF0D43EA2D718EAF0083AA14 /* NewMessagesRequest.swift */,
			);
			path = Request;
			sourceTree = "<group>";
		};
		DFD122602DC5E632005E3ED1 /* Onboarding */ = {
			isa = PBXGroup;
			children = (
				DFD1226E2DC8C6B2005E3ED1 /* SingInViewModel.swift */,
				DFD1226C2DC74FCC005E3ED1 /* SignInViewController.swift */,
				DFD122612DC5E63E005E3ED1 /* WelcomeViewController.swift */,
			);
			path = Onboarding;
			sourceTree = "<group>";
		};
		DFD122652DC74DB9005E3ED1 /* CommonDesign */ = {
			isa = PBXGroup;
			children = (
				DFD122752DCF54E4005E3ED1 /* ListSection.swift */,
				DFD1226A2DC74E98005E3ED1 /* MonoSecondaryBorderedButton.swift */,
				DFD122682DC74E78005E3ED1 /* MonoPrimaryButton.swift */,
				DFD122662DC74DC6005E3ED1 /* UITraitCollection+DarkMode.swift */,
			);
			path = CommonDesign;
			sourceTree = "<group>";
		};
		DFD122702DCE49D9005E3ED1 /* Extension */ = {
			isa = PBXGroup;
			children = (
				DFC3001A2DD8612D00A219F7 /* UIFont+PreferredFontWeight.swift */,
				DFC300182DD84EDF00A219F7 /* UICollectionView+EmptyLayout.swift */,
				DFE17F0C2DD7AF67008A58C2 /* UICollectionViewListCell+Configuration.swift */,
				DFD122732DCE58F4005E3ED1 /* UIButton+Loading.swift */,
				DFD122712DCE49DD005E3ED1 /* UITextField+Bind.swift */,
			);
			path = Extension;
			sourceTree = "<group>";
		};
/* End PBXGroup section */

/* Begin PBXNativeTarget section */
		DF10C7AE2D343A3E006035E8 /* Chait */ = {
			isa = PBXNativeTarget;
			buildConfigurationList = DF10C7C32D343A3F006035E8 /* Build configuration list for PBXNativeTarget "Chait" */;
			buildPhases = (
				DF10C7AB2D343A3E006035E8 /* Sources */,
				DF10C7AC2D343A3E006035E8 /* Frameworks */,
				DF10C7AD2D343A3E006035E8 /* Resources */,
			);
			buildRules = (
			);
			dependencies = (
			);
			name = Chait;
			packageProductDependencies = (
				DF7BC6192D71965600AAF678 /* Auth */,
				DF7BC61B2D71965600AAF678 /* Functions */,
				DF7BC61D2D71965600AAF678 /* PostgREST */,
				DF7BC61F2D71965600AAF678 /* Realtime */,
				DF7BC6212D71965600AAF678 /* Storage */,
				DF7BC6232D71965600AAF678 /* Supabase */,
			);
			productName = Chait;
			productReference = DF10C7AF2D343A3E006035E8 /* Chait.app */;
			productType = "com.apple.product-type.application";
		};
		DF4938422D6C958300494113 /* ChaitTests */ = {
			isa = PBXNativeTarget;
			buildConfigurationList = DF49384B2D6C958300494113 /* Build configuration list for PBXNativeTarget "ChaitTests" */;
			buildPhases = (
				DF49383F2D6C958300494113 /* Sources */,
				DF4938402D6C958300494113 /* Frameworks */,
				DF4938412D6C958300494113 /* Resources */,
			);
			buildRules = (
			);
			dependencies = (
				DF4938482D6C958300494113 /* PBXTargetDependency */,
			);
			name = ChaitTests;
			productName = ChaitTests;
			productReference = DF4938432D6C958300494113 /* ChaitTests.xctest */;
			productType = "com.apple.product-type.bundle.unit-test";
		};
/* End PBXNativeTarget section */

/* Begin PBXProject section */
		DF10C7A72D343A3E006035E8 /* Project object */ = {
			isa = PBXProject;
			attributes = {
				BuildIndependentTargetsInParallel = 1;
				LastSwiftUpdateCheck = 1500;
				LastUpgradeCheck = 1500;
				TargetAttributes = {
					DF10C7AE2D343A3E006035E8 = {
						CreatedOnToolsVersion = 15.0;
					};
					DF4938422D6C958300494113 = {
						CreatedOnToolsVersion = 15.0;
						TestTargetID = DF10C7AE2D343A3E006035E8;
					};
				};
			};
			buildConfigurationList = DF10C7AA2D343A3E006035E8 /* Build configuration list for PBXProject "Chait" */;
			compatibilityVersion = "Xcode 14.0";
			developmentRegion = en;
			hasScannedForEncodings = 0;
			knownRegions = (
				en,
				Base,
			);
			mainGroup = DF10C7A62D343A3E006035E8;
			packageReferences = (
				DF0D43E52D70C6BA0083AA14 /* XCRemoteSwiftPackageReference "supabase-swift" */,
			);
			productRefGroup = DF10C7B02D343A3E006035E8 /* Products */;
			projectDirPath = "";
			projectRoot = "";
			targets = (
				DF10C7AE2D343A3E006035E8 /* Chait */,
				DF4938422D6C958300494113 /* ChaitTests */,
			);
		};
/* End PBXProject section */

/* Begin PBXResourcesBuildPhase section */
		DF10C7AD2D343A3E006035E8 /* Resources */ = {
			isa = PBXResourcesBuildPhase;
			buildActionMask = 2147483647;
			files = (
				DF10C7BF2D343A3F006035E8 /* LaunchScreen.storyboard in Resources */,
				DF10C7BC2D343A3F006035E8 /* Assets.xcassets in Resources */,
			);
			runOnlyForDeploymentPostprocessing = 0;
		};
		DF4938412D6C958300494113 /* Resources */ = {
			isa = PBXResourcesBuildPhase;
			buildActionMask = 2147483647;
			files = (
			);
			runOnlyForDeploymentPostprocessing = 0;
		};
/* End PBXResourcesBuildPhase section */

/* Begin PBXSourcesBuildPhase section */
		DF10C7AB2D343A3E006035E8 /* Sources */ = {
			isa = PBXSourcesBuildPhase;
			buildActionMask = 2147483647;
			files = (
				DF0F26C82DABA426002308E9 /* AppUser.swift in Sources */,
				DFE17EDA2DD76F5B008A58C2 /* FriendListCellContentView.swift in Sources */,
				DF7C16F62DBDDC0500CAF20F /* NewMessage.swift in Sources */,
				DF0F26D52DAD14C0002308E9 /* ConversationUseCase.swift in Sources */,
				DF4920042DB03EC000EA51D2 /* ConversationSummaryViewModel.swift in Sources */,
				DFD122742DCE58FA005E3ED1 /* UIButton+Loading.swift in Sources */,
				DF0F26DB2DAD18AF002308E9 /* ConversationRepository.swift in Sources */,
				DF75744C2DDCCDC900F08C10 /* AppCoreContainer.swift in Sources */,
				DF0F26E42DADE918002308E9 /* ConversationMembershipResponse.swift in Sources */,
				DF0F26EA2DADF9AD002308E9 /* UserResopnse.swift in Sources */,
				DF0F26CC2DABAAD0002308E9 /* PrivateConversation.swift in Sources */,
				DFD7EC9E2DBB77D100E5387B /* FetchImageUseCase.swift in Sources */,
				DFD7EC9C2DBB733000E5387B /* FriendViewModel.swift in Sources */,
				DF7FBDA62D7601E100753FCE /* AppSessionCoordinator.swift in Sources */,
				DF7FBDA02D75F69200753FCE /* ConversationListViewModel.swift in Sources */,
				DFD1226F2DC8C6B5005E3ED1 /* SingInViewModel.swift in Sources */,
				DF0F26CA2DABA8B7002308E9 /* Participant.swift in Sources */,
				DFD7ECA72DBB861800E5387B /* ImageRepositoryImplementation.swift in Sources */,
				DF7FBDA42D75FAB700753FCE /* ConversationListViewController.swift in Sources */,
				DFC3001B2DD8613D00A219F7 /* UIFont+PreferredFontWeight.swift in Sources */,
				DF7BC6262D72060100AAF678 /* ConversationMessageViewModel.swift in Sources */,
				DF50BFDD2D9AB02B0022B1E3 /* FriendshipResponse.swift in Sources */,
				DF0F26CE2DABAD23002308E9 /* GroupConversation.swift in Sources */,
				DF9C91FF2D6F556E00A2BCDA /* ConversationViewModel.swift in Sources */,
				DF4920022DB02B5300EA51D2 /* ConversationSummary.swift in Sources */,
				DFD122762DCF54E7005E3ED1 /* ListSection.swift in Sources */,
				DF50BFDB2D99B3C80022B1E3 /* FriendRepositoryImplementation.swift in Sources */,
				DFD1226B2DC74E9D005E3ED1 /* MonoSecondaryBorderedButton.swift in Sources */,
				DF50BFE22D9AB7920022B1E3 /* FriendListViewController.swift in Sources */,
				DF9676C22D9951830078D0D5 /* FriendRepository.swift in Sources */,
				DF0D43E82D70C95F0083AA14 /* AppEnvironment.swift in Sources */,
				DFD7ECA22DBB7BB400E5387B /* ImageRepository.swift in Sources */,
				DFD122692DC74E7D005E3ED1 /* MonoPrimaryButton.swift in Sources */,
				DF350FB82DB211230010FE8A /* AuthenticationService.swift in Sources */,
				DF9C91F12D6EEA6E00A2BCDA /* RemoteMessagesDataSource.swift in Sources */,
				DF75744A2DDCC8FD00F08C10 /* AuthSession.swift in Sources */,
				DF9676C02D994F980078D0D5 /* FetchFriendsListUseCase.swift in Sources */,
				DFBF6F312D6C80F7003B51DB /* Message.swift in Sources */,
				DF9676BE2D994F7F0078D0D5 /* Friend.swift in Sources */,
				DF0F26E22DADE8A3002308E9 /* ConversationMembershipRemoteDataSource.swift in Sources */,
				DF0F26E82DADF52B002308E9 /* UserRemoteDataSource.swift in Sources */,
				DF50BFDF2D9AB3A40022B1E3 /* FriendListViewModel.swift in Sources */,
				DF0D43EB2D718EAF0083AA14 /* NewMessagesRequest.swift in Sources */,
				DF4920002DAE875200EA51D2 /* Supabase+Decode.swift in Sources */,
				DF0F26C22DAB8D8A002308E9 /* ProfileImage.swift in Sources */,
				DF0F26D02DABB4BC002308E9 /* ContactUser.swift in Sources */,
				DF0F26C02DAAFD1B002308E9 /* User.swift in Sources */,
				DF9C91ED2D6EE95300A2BCDA /* MessageResponse.swift in Sources */,
				DF0F26E62DADEA2F002308E9 /* ConversationRepositoryImplementation.swift in Sources */,
				DFD7ECA42DBB7F7100E5387B /* ImageManager.swift in Sources */,
				DFE17F0D2DD7AF6D008A58C2 /* UICollectionViewListCell+Configuration.swift in Sources */,
				DFD1225D2DC34C15005E3ED1 /* AppSessionContainer.swift in Sources */,
				DFD122672DC74DD8005E3ED1 /* UITraitCollection+DarkMode.swift in Sources */,
				DF0D43E42D70B9930083AA14 /* ConversationViewController.swift in Sources */,
				DFD122622DC5E6AA005E3ED1 /* WelcomeViewController.swift in Sources */,
				DFD122722DCE49E5005E3ED1 /* UITextField+Bind.swift in Sources */,
				DF0F26DD2DAD1A9F002308E9 /* ConversationRemoteDataSource.swift in Sources */,
				DF10C7B32D343A3E006035E8 /* AppDelegate.swift in Sources */,
				DF0F26C42DAB91E8002308E9 /* Conversation.swift in Sources */,
				DF75744E2DDCDAAA00F08C10 /* AppCoreCoordinator.swift in Sources */,
				DFD1226D2DC74FD0005E3ED1 /* SignInViewController.swift in Sources */,
				DF7574482DDCBACC00F08C10 /* FetchConversationSummariesUseCase.swift in Sources */,
				DF10C7B52D343A3E006035E8 /* SceneDelegate.swift in Sources */,
				DFC300192DD84EEE00A219F7 /* UICollectionView+EmptyLayout.swift in Sources */,
				DF0F26DF2DADE400002308E9 /* ConversationResponse.swift in Sources */,
				DF350FB62DB104670010FE8A /* SnakeKeyISODateJSONDecoder.swift in Sources */,
			);
			runOnlyForDeploymentPostprocessing = 0;
		};
		DF49383F2D6C958300494113 /* Sources */ = {
			isa = PBXSourcesBuildPhase;
			buildActionMask = 2147483647;
			files = (
			);
			runOnlyForDeploymentPostprocessing = 0;
		};
/* End PBXSourcesBuildPhase section */

/* Begin PBXTargetDependency section */
		DF4938482D6C958300494113 /* PBXTargetDependency */ = {
			isa = PBXTargetDependency;
			target = DF10C7AE2D343A3E006035E8 /* Chait */;
			targetProxy = DF4938472D6C958300494113 /* PBXContainerItemProxy */;
		};
/* End PBXTargetDependency section */

/* Begin PBXVariantGroup section */
		DF10C7BD2D343A3F006035E8 /* LaunchScreen.storyboard */ = {
			isa = PBXVariantGroup;
			children = (
				DF10C7BE2D343A3F006035E8 /* Base */,
			);
			name = LaunchScreen.storyboard;
			sourceTree = "<group>";
		};
/* End PBXVariantGroup section */

/* Begin XCBuildConfiguration section */
		DF10C7C12D343A3F006035E8 /* Debug */ = {
			isa = XCBuildConfiguration;
			baseConfigurationReference = DF0D43E62D70C74A0083AA14 /* Secrets.xcconfig */;
			buildSettings = {
				ALWAYS_SEARCH_USER_PATHS = NO;
				ASSETCATALOG_COMPILER_GENERATE_SWIFT_ASSET_SYMBOL_EXTENSIONS = YES;
				CLANG_ANALYZER_NONNULL = YES;
				CLANG_ANALYZER_NUMBER_OBJECT_CONVERSION = YES_AGGRESSIVE;
				CLANG_CXX_LANGUAGE_STANDARD = "gnu++20";
				CLANG_ENABLE_MODULES = YES;
				CLANG_ENABLE_OBJC_ARC = YES;
				CLANG_ENABLE_OBJC_WEAK = YES;
				CLANG_WARN_BLOCK_CAPTURE_AUTORELEASING = YES;
				CLANG_WARN_BOOL_CONVERSION = YES;
				CLANG_WARN_COMMA = YES;
				CLANG_WARN_CONSTANT_CONVERSION = YES;
				CLANG_WARN_DEPRECATED_OBJC_IMPLEMENTATIONS = YES;
				CLANG_WARN_DIRECT_OBJC_ISA_USAGE = YES_ERROR;
				CLANG_WARN_DOCUMENTATION_COMMENTS = YES;
				CLANG_WARN_EMPTY_BODY = YES;
				CLANG_WARN_ENUM_CONVERSION = YES;
				CLANG_WARN_INFINITE_RECURSION = YES;
				CLANG_WARN_INT_CONVERSION = YES;
				CLANG_WARN_NON_LITERAL_NULL_CONVERSION = YES;
				CLANG_WARN_OBJC_IMPLICIT_RETAIN_SELF = YES;
				CLANG_WARN_OBJC_LITERAL_CONVERSION = YES;
				CLANG_WARN_OBJC_ROOT_CLASS = YES_ERROR;
				CLANG_WARN_QUOTED_INCLUDE_IN_FRAMEWORK_HEADER = YES;
				CLANG_WARN_RANGE_LOOP_ANALYSIS = YES;
				CLANG_WARN_STRICT_PROTOTYPES = YES;
				CLANG_WARN_SUSPICIOUS_MOVE = YES;
				CLANG_WARN_UNGUARDED_AVAILABILITY = YES_AGGRESSIVE;
				CLANG_WARN_UNREACHABLE_CODE = YES;
				CLANG_WARN__DUPLICATE_METHOD_MATCH = YES;
				COPY_PHASE_STRIP = NO;
				DEBUG_INFORMATION_FORMAT = dwarf;
				ENABLE_STRICT_OBJC_MSGSEND = YES;
				ENABLE_TESTABILITY = YES;
				ENABLE_USER_SCRIPT_SANDBOXING = YES;
				GCC_C_LANGUAGE_STANDARD = gnu17;
				GCC_DYNAMIC_NO_PIC = NO;
				GCC_NO_COMMON_BLOCKS = YES;
				GCC_OPTIMIZATION_LEVEL = 0;
				GCC_PREPROCESSOR_DEFINITIONS = (
					"DEBUG=1",
					"$(inherited)",
				);
				GCC_WARN_64_TO_32_BIT_CONVERSION = YES;
				GCC_WARN_ABOUT_RETURN_TYPE = YES_ERROR;
				GCC_WARN_UNDECLARED_SELECTOR = YES;
				GCC_WARN_UNINITIALIZED_AUTOS = YES_AGGRESSIVE;
				GCC_WARN_UNUSED_FUNCTION = YES;
				GCC_WARN_UNUSED_VARIABLE = YES;
				IPHONEOS_DEPLOYMENT_TARGET = 17.0;
				LOCALIZATION_PREFERS_STRING_CATALOGS = YES;
				MTL_ENABLE_DEBUG_INFO = INCLUDE_SOURCE;
				MTL_FAST_MATH = YES;
				ONLY_ACTIVE_ARCH = YES;
				SDKROOT = iphoneos;
				SWIFT_ACTIVE_COMPILATION_CONDITIONS = "DEBUG $(inherited)";
				SWIFT_OPTIMIZATION_LEVEL = "-Onone";
			};
			name = Debug;
		};
		DF10C7C22D343A3F006035E8 /* Release */ = {
			isa = XCBuildConfiguration;
			baseConfigurationReference = DF0D43E62D70C74A0083AA14 /* Secrets.xcconfig */;
			buildSettings = {
				ALWAYS_SEARCH_USER_PATHS = NO;
				ASSETCATALOG_COMPILER_GENERATE_SWIFT_ASSET_SYMBOL_EXTENSIONS = YES;
				CLANG_ANALYZER_NONNULL = YES;
				CLANG_ANALYZER_NUMBER_OBJECT_CONVERSION = YES_AGGRESSIVE;
				CLANG_CXX_LANGUAGE_STANDARD = "gnu++20";
				CLANG_ENABLE_MODULES = YES;
				CLANG_ENABLE_OBJC_ARC = YES;
				CLANG_ENABLE_OBJC_WEAK = YES;
				CLANG_WARN_BLOCK_CAPTURE_AUTORELEASING = YES;
				CLANG_WARN_BOOL_CONVERSION = YES;
				CLANG_WARN_COMMA = YES;
				CLANG_WARN_CONSTANT_CONVERSION = YES;
				CLANG_WARN_DEPRECATED_OBJC_IMPLEMENTATIONS = YES;
				CLANG_WARN_DIRECT_OBJC_ISA_USAGE = YES_ERROR;
				CLANG_WARN_DOCUMENTATION_COMMENTS = YES;
				CLANG_WARN_EMPTY_BODY = YES;
				CLANG_WARN_ENUM_CONVERSION = YES;
				CLANG_WARN_INFINITE_RECURSION = YES;
				CLANG_WARN_INT_CONVERSION = YES;
				CLANG_WARN_NON_LITERAL_NULL_CONVERSION = YES;
				CLANG_WARN_OBJC_IMPLICIT_RETAIN_SELF = YES;
				CLANG_WARN_OBJC_LITERAL_CONVERSION = YES;
				CLANG_WARN_OBJC_ROOT_CLASS = YES_ERROR;
				CLANG_WARN_QUOTED_INCLUDE_IN_FRAMEWORK_HEADER = YES;
				CLANG_WARN_RANGE_LOOP_ANALYSIS = YES;
				CLANG_WARN_STRICT_PROTOTYPES = YES;
				CLANG_WARN_SUSPICIOUS_MOVE = YES;
				CLANG_WARN_UNGUARDED_AVAILABILITY = YES_AGGRESSIVE;
				CLANG_WARN_UNREACHABLE_CODE = YES;
				CLANG_WARN__DUPLICATE_METHOD_MATCH = YES;
				COPY_PHASE_STRIP = NO;
				DEBUG_INFORMATION_FORMAT = "dwarf-with-dsym";
				ENABLE_NS_ASSERTIONS = NO;
				ENABLE_STRICT_OBJC_MSGSEND = YES;
				ENABLE_USER_SCRIPT_SANDBOXING = YES;
				GCC_C_LANGUAGE_STANDARD = gnu17;
				GCC_NO_COMMON_BLOCKS = YES;
				GCC_WARN_64_TO_32_BIT_CONVERSION = YES;
				GCC_WARN_ABOUT_RETURN_TYPE = YES_ERROR;
				GCC_WARN_UNDECLARED_SELECTOR = YES;
				GCC_WARN_UNINITIALIZED_AUTOS = YES_AGGRESSIVE;
				GCC_WARN_UNUSED_FUNCTION = YES;
				GCC_WARN_UNUSED_VARIABLE = YES;
				IPHONEOS_DEPLOYMENT_TARGET = 17.0;
				LOCALIZATION_PREFERS_STRING_CATALOGS = YES;
				MTL_ENABLE_DEBUG_INFO = NO;
				MTL_FAST_MATH = YES;
				SDKROOT = iphoneos;
				SWIFT_COMPILATION_MODE = wholemodule;
				VALIDATE_PRODUCT = YES;
			};
			name = Release;
		};
		DF10C7C42D343A3F006035E8 /* Debug */ = {
			isa = XCBuildConfiguration;
			buildSettings = {
				ASSETCATALOG_COMPILER_APPICON_NAME = AppIcon;
				ASSETCATALOG_COMPILER_GLOBAL_ACCENT_COLOR_NAME = AccentColor;
				CODE_SIGN_STYLE = Automatic;
				CURRENT_PROJECT_VERSION = 1;
				DEVELOPMENT_TEAM = 22WLLT8Q75;
				GENERATE_INFOPLIST_FILE = YES;
				INFOPLIST_FILE = Chait/AppResources/Info.plist;
				INFOPLIST_KEY_UIApplicationSupportsIndirectInputEvents = YES;
				INFOPLIST_KEY_UILaunchStoryboardName = LaunchScreen;
				INFOPLIST_KEY_UISupportedInterfaceOrientations_iPad = "UIInterfaceOrientationPortrait UIInterfaceOrientationPortraitUpsideDown UIInterfaceOrientationLandscapeLeft UIInterfaceOrientationLandscapeRight";
				INFOPLIST_KEY_UISupportedInterfaceOrientations_iPhone = "UIInterfaceOrientationPortrait UIInterfaceOrientationLandscapeLeft UIInterfaceOrientationLandscapeRight";
				LD_RUNPATH_SEARCH_PATHS = (
					"$(inherited)",
					"@executable_path/Frameworks",
				);
				MARKETING_VERSION = 1.0;
				PRODUCT_BUNDLE_IDENTIFIER = remypark.Chait;
				PRODUCT_NAME = "$(TARGET_NAME)";
				SWIFT_EMIT_LOC_STRINGS = YES;
				SWIFT_VERSION = 5.0;
				TARGETED_DEVICE_FAMILY = "1,2";
			};
			name = Debug;
		};
		DF10C7C52D343A3F006035E8 /* Release */ = {
			isa = XCBuildConfiguration;
			buildSettings = {
				ASSETCATALOG_COMPILER_APPICON_NAME = AppIcon;
				ASSETCATALOG_COMPILER_GLOBAL_ACCENT_COLOR_NAME = AccentColor;
				CODE_SIGN_STYLE = Automatic;
				CURRENT_PROJECT_VERSION = 1;
				DEVELOPMENT_TEAM = 22WLLT8Q75;
				GENERATE_INFOPLIST_FILE = YES;
				INFOPLIST_FILE = Chait/AppResources/Info.plist;
				INFOPLIST_KEY_UIApplicationSupportsIndirectInputEvents = YES;
				INFOPLIST_KEY_UILaunchStoryboardName = LaunchScreen;
				INFOPLIST_KEY_UISupportedInterfaceOrientations_iPad = "UIInterfaceOrientationPortrait UIInterfaceOrientationPortraitUpsideDown UIInterfaceOrientationLandscapeLeft UIInterfaceOrientationLandscapeRight";
				INFOPLIST_KEY_UISupportedInterfaceOrientations_iPhone = "UIInterfaceOrientationPortrait UIInterfaceOrientationLandscapeLeft UIInterfaceOrientationLandscapeRight";
				LD_RUNPATH_SEARCH_PATHS = (
					"$(inherited)",
					"@executable_path/Frameworks",
				);
				MARKETING_VERSION = 1.0;
				PRODUCT_BUNDLE_IDENTIFIER = remypark.Chait;
				PRODUCT_NAME = "$(TARGET_NAME)";
				SWIFT_EMIT_LOC_STRINGS = YES;
				SWIFT_VERSION = 5.0;
				TARGETED_DEVICE_FAMILY = "1,2";
			};
			name = Release;
		};
		DF4938492D6C958300494113 /* Debug */ = {
			isa = XCBuildConfiguration;
			buildSettings = {
				BUNDLE_LOADER = "$(TEST_HOST)";
				CODE_SIGN_STYLE = Automatic;
				CURRENT_PROJECT_VERSION = 1;
				DEVELOPMENT_TEAM = 22WLLT8Q75;
				GENERATE_INFOPLIST_FILE = YES;
				MARKETING_VERSION = 1.0;
				PRODUCT_BUNDLE_IDENTIFIER = remypark.ChaitTests;
				PRODUCT_NAME = "$(TARGET_NAME)";
				SWIFT_EMIT_LOC_STRINGS = NO;
				SWIFT_VERSION = 5.0;
				TARGETED_DEVICE_FAMILY = "1,2";
				TEST_HOST = "$(BUILT_PRODUCTS_DIR)/Chait.app/$(BUNDLE_EXECUTABLE_FOLDER_PATH)/Chait";
			};
			name = Debug;
		};
		DF49384A2D6C958300494113 /* Release */ = {
			isa = XCBuildConfiguration;
			buildSettings = {
				BUNDLE_LOADER = "$(TEST_HOST)";
				CODE_SIGN_STYLE = Automatic;
				CURRENT_PROJECT_VERSION = 1;
				DEVELOPMENT_TEAM = 22WLLT8Q75;
				GENERATE_INFOPLIST_FILE = YES;
				MARKETING_VERSION = 1.0;
				PRODUCT_BUNDLE_IDENTIFIER = remypark.ChaitTests;
				PRODUCT_NAME = "$(TARGET_NAME)";
				SWIFT_EMIT_LOC_STRINGS = NO;
				SWIFT_VERSION = 5.0;
				TARGETED_DEVICE_FAMILY = "1,2";
				TEST_HOST = "$(BUILT_PRODUCTS_DIR)/Chait.app/$(BUNDLE_EXECUTABLE_FOLDER_PATH)/Chait";
			};
			name = Release;
		};
/* End XCBuildConfiguration section */

/* Begin XCConfigurationList section */
		DF10C7AA2D343A3E006035E8 /* Build configuration list for PBXProject "Chait" */ = {
			isa = XCConfigurationList;
			buildConfigurations = (
				DF10C7C12D343A3F006035E8 /* Debug */,
				DF10C7C22D343A3F006035E8 /* Release */,
			);
			defaultConfigurationIsVisible = 0;
			defaultConfigurationName = Release;
		};
		DF10C7C32D343A3F006035E8 /* Build configuration list for PBXNativeTarget "Chait" */ = {
			isa = XCConfigurationList;
			buildConfigurations = (
				DF10C7C42D343A3F006035E8 /* Debug */,
				DF10C7C52D343A3F006035E8 /* Release */,
			);
			defaultConfigurationIsVisible = 0;
			defaultConfigurationName = Release;
		};
		DF49384B2D6C958300494113 /* Build configuration list for PBXNativeTarget "ChaitTests" */ = {
			isa = XCConfigurationList;
			buildConfigurations = (
				DF4938492D6C958300494113 /* Debug */,
				DF49384A2D6C958300494113 /* Release */,
			);
			defaultConfigurationIsVisible = 0;
			defaultConfigurationName = Release;
		};
/* End XCConfigurationList section */

/* Begin XCRemoteSwiftPackageReference section */
		DF0D43E52D70C6BA0083AA14 /* XCRemoteSwiftPackageReference "supabase-swift" */ = {
			isa = XCRemoteSwiftPackageReference;
			repositoryURL = "https://github.com/supabase/supabase-swift.git";
			requirement = {
				kind = upToNextMajorVersion;
				minimumVersion = 2.5.1;
			};
		};
/* End XCRemoteSwiftPackageReference section */

/* Begin XCSwiftPackageProductDependency section */
		DF7BC6192D71965600AAF678 /* Auth */ = {
			isa = XCSwiftPackageProductDependency;
			package = DF0D43E52D70C6BA0083AA14 /* XCRemoteSwiftPackageReference "supabase-swift" */;
			productName = Auth;
		};
		DF7BC61B2D71965600AAF678 /* Functions */ = {
			isa = XCSwiftPackageProductDependency;
			package = DF0D43E52D70C6BA0083AA14 /* XCRemoteSwiftPackageReference "supabase-swift" */;
			productName = Functions;
		};
		DF7BC61D2D71965600AAF678 /* PostgREST */ = {
			isa = XCSwiftPackageProductDependency;
			package = DF0D43E52D70C6BA0083AA14 /* XCRemoteSwiftPackageReference "supabase-swift" */;
			productName = PostgREST;
		};
		DF7BC61F2D71965600AAF678 /* Realtime */ = {
			isa = XCSwiftPackageProductDependency;
			package = DF0D43E52D70C6BA0083AA14 /* XCRemoteSwiftPackageReference "supabase-swift" */;
			productName = Realtime;
		};
		DF7BC6212D71965600AAF678 /* Storage */ = {
			isa = XCSwiftPackageProductDependency;
			package = DF0D43E52D70C6BA0083AA14 /* XCRemoteSwiftPackageReference "supabase-swift" */;
			productName = Storage;
		};
		DF7BC6232D71965600AAF678 /* Supabase */ = {
			isa = XCSwiftPackageProductDependency;
			package = DF0D43E52D70C6BA0083AA14 /* XCRemoteSwiftPackageReference "supabase-swift" */;
			productName = Supabase;
		};
/* End XCSwiftPackageProductDependency section */
	};
	rootObject = DF10C7A72D343A3E006035E8 /* Project object */;
}
